// !$*UTF8*$!
{
	archiveVersion = 1;
	classes = {
	};
	objectVersion = 77;
	objects = {

/* Begin PBXContainerItemProxy section */
		D47651B72D68C95F002F03ED /* PBXContainerItemProxy */ = {
			isa = PBXContainerItemProxy;
			containerPortal = D476519E2D68C95D002F03ED /* Project object */;
			proxyType = 1;
			remoteGlobalIDString = D47651A52D68C95D002F03ED;
			remoteInfo = FirstSwiftUIProject;
		};
		D47651C12D68C95F002F03ED /* PBXContainerItemProxy */ = {
			isa = PBXContainerItemProxy;
			containerPortal = D476519E2D68C95D002F03ED /* Project object */;
			proxyType = 1;
			remoteGlobalIDString = D47651A52D68C95D002F03ED;
			remoteInfo = FirstSwiftUIProject;
		};
/* End PBXContainerItemProxy section */

/* Begin PBXFileReference section */
		D47651A62D68C95D002F03ED /* FirstSwiftUIProject.app */ = {isa = PBXFileReference; explicitFileType = wrapper.application; includeInIndex = 0; path = FirstSwiftUIProject.app; sourceTree = BUILT_PRODUCTS_DIR; };
		D47651B62D68C95F002F03ED /* FirstSwiftUIProjectTests.xctest */ = {isa = PBXFileReference; explicitFileType = wrapper.cfbundle; includeInIndex = 0; path = FirstSwiftUIProjectTests.xctest; sourceTree = BUILT_PRODUCTS_DIR; };
		D47651C02D68C95F002F03ED /* FirstSwiftUIProjectUITests.xctest */ = {isa = PBXFileReference; explicitFileType = wrapper.cfbundle; includeInIndex = 0; path = FirstSwiftUIProjectUITests.xctest; sourceTree = BUILT_PRODUCTS_DIR; };
/* End PBXFileReference section */

/* Begin PBXFileSystemSynchronizedRootGroup section */
		D47651A82D68C95D002F03ED /* FirstSwiftUIProject */ = {
			isa = PBXFileSystemSynchronizedRootGroup;
			path = FirstSwiftUIProject;
			sourceTree = "<group>";
		};
		D47651B92D68C95F002F03ED /* FirstSwiftUIProjectTests */ = {
			isa = PBXFileSystemSynchronizedRootGroup;
			path = FirstSwiftUIProjectTests;
			sourceTree = "<group>";
		};
		D47651C32D68C95F002F03ED /* FirstSwiftUIProjectUITests */ = {
			isa = PBXFileSystemSynchronizedRootGroup;
			path = FirstSwiftUIProjectUITests;
			sourceTree = "<group>";
		};
/* End PBXFileSystemSynchronizedRootGroup section */

/* Begin PBXFrameworksBuildPhase section */
		D47651A32D68C95D002F03ED /* Frameworks */ = {
			isa = PBXFrameworksBuildPhase;
			buildActionMask = 2147483647;
			files = (
			);
			runOnlyForDeploymentPostprocessing = 0;
		};
		D47651B32D68C95F002F03ED /* Frameworks */ = {
			isa = PBXFrameworksBuildPhase;
			buildActionMask = 2147483647;
			files = (
			);
			runOnlyForDeploymentPostprocessing = 0;
		};
		D47651BD2D68C95F002F03ED /* Frameworks */ = {
			isa = PBXFrameworksBuildPhase;
			buildActionMask = 2147483647;
			files = (
			);
			runOnlyForDeploymentPostprocessing = 0;
		};
/* End PBXFrameworksBuildPhase section */

/* Begin PBXGroup section */
		D476519D2D68C95D002F03ED = {
			isa = PBXGroup;
			children = (
				D47651A82D68C95D002F03ED /* FirstSwiftUIProject */,
				D47651B92D68C95F002F03ED /* FirstSwiftUIProjectTests */,
				D47651C32D68C95F002F03ED /* FirstSwiftUIProjectUITests */,
				D47651A72D68C95D002F03ED /* Products */,
			);
			sourceTree = "<group>";
		};
		D47651A72D68C95D002F03ED /* Products */ = {
			isa = PBXGroup;
			children = (
				D47651A62D68C95D002F03ED /* FirstSwiftUIProject.app */,
				D47651B62D68C95F002F03ED /* FirstSwiftUIProjectTests.xctest */,
				D47651C02D68C95F002F03ED /* FirstSwiftUIProjectUITests.xctest */,
			);
			name = Products;
			sourceTree = "<group>";
		};
/* End PBXGroup section */

/* Begin PBXNativeTarget section */
		D47651A52D68C95D002F03ED /* FirstSwiftUIProject */ = {
			isa = PBXNativeTarget;
			buildConfigurationList = D47651CA2D68C95F002F03ED /* Build configuration list for PBXNativeTarget "FirstSwiftUIProject" */;
			buildPhases = (
				D47651A22D68C95D002F03ED /* Sources */,
				D47651A32D68C95D002F03ED /* Frameworks */,
				D47651A42D68C95D002F03ED /* Resources */,
			);
			buildRules = (
			);
			dependencies = (
			);
			fileSystemSynchronizedGroups = (
				D47651A82D68C95D002F03ED /* FirstSwiftUIProject */,
			);
			name = FirstSwiftUIProject;
			packageProductDependencies = (
			);
			productName = FirstSwiftUIProject;
			productReference = D47651A62D68C95D002F03ED /* FirstSwiftUIProject.app */;
			productType = "com.apple.product-type.application";
		};
		D47651B52D68C95F002F03ED /* FirstSwiftUIProjectTests */ = {
			isa = PBXNativeTarget;
			buildConfigurationList = D47651CD2D68C95F002F03ED /* Build configuration list for PBXNativeTarget "FirstSwiftUIProjectTests" */;
			buildPhases = (
				D47651B22D68C95F002F03ED /* Sources */,
				D47651B32D68C95F002F03ED /* Frameworks */,
				D47651B42D68C95F002F03ED /* Resources */,
			);
			buildRules = (
			);
			dependencies = (
				D47651B82D68C95F002F03ED /* PBXTargetDependency */,
			);
			fileSystemSynchronizedGroups = (
				D47651B92D68C95F002F03ED /* FirstSwiftUIProjectTests */,
			);
			name = FirstSwiftUIProjectTests;
			packageProductDependencies = (
			);
			productName = FirstSwiftUIProjectTests;
			productReference = D47651B62D68C95F002F03ED /* FirstSwiftUIProjectTests.xctest */;
			productType = "com.apple.product-type.bundle.unit-test";
		};
		D47651BF2D68C95F002F03ED /* FirstSwiftUIProjectUITests */ = {
			isa = PBXNativeTarget;
			buildConfigurationList = D47651D02D68C95F002F03ED /* Build configuration list for PBXNativeTarget "FirstSwiftUIProjectUITests" */;
			buildPhases = (
				D47651BC2D68C95F002F03ED /* Sources */,
				D47651BD2D68C95F002F03ED /* Frameworks */,
				D47651BE2D68C95F002F03ED /* Resources */,
			);
			buildRules = (
			);
			dependencies = (
				D47651C22D68C95F002F03ED /* PBXTargetDependency */,
			);
			fileSystemSynchronizedGroups = (
				D47651C32D68C95F002F03ED /* FirstSwiftUIProjectUITests */,
			);
			name = FirstSwiftUIProjectUITests;
			packageProductDependencies = (
			);
			productName = FirstSwiftUIProjectUITests;
			productReference = D47651C02D68C95F002F03ED /* FirstSwiftUIProjectUITests.xctest */;
			productType = "com.apple.product-type.bundle.ui-testing";
		};
/* End PBXNativeTarget section */

/* Begin PBXProject section */
		D476519E2D68C95D002F03ED /* Project object */ = {
			isa = PBXProject;
			attributes = {
				BuildIndependentTargetsInParallel = 1;
				LastSwiftUpdateCheck = 1620;
				LastUpgradeCheck = 1620;
				TargetAttributes = {
					D47651A52D68C95D002F03ED = {
						CreatedOnToolsVersion = 16.2;
					};
					D47651B52D68C95F002F03ED = {
						CreatedOnToolsVersion = 16.2;
						TestTargetID = D47651A52D68C95D002F03ED;
					};
					D47651BF2D68C95F002F03ED = {
						CreatedOnToolsVersion = 16.2;
						TestTargetID = D47651A52D68C95D002F03ED;
					};
				};
			};
			buildConfigurationList = D47651A12D68C95D002F03ED /* Build configuration list for PBXProject "FirstSwiftUIProject" */;
			developmentRegion = en;
			hasScannedForEncodings = 0;
			knownRegions = (
				en,
				Base,
			);
			mainGroup = D476519D2D68C95D002F03ED;
			minimizedProjectReferenceProxies = 1;
			preferredProjectObjectVersion = 77;
			productRefGroup = D47651A72D68C95D002F03ED /* Products */;
			projectDirPath = "";
			projectRoot = "";
			targets = (
				D47651A52D68C95D002F03ED /* FirstSwiftUIProject */,
				D47651B52D68C95F002F03ED /* FirstSwiftUIProjectTests */,
				D47651BF2D68C95F002F03ED /* FirstSwiftUIProjectUITests */,
			);
		};
/* End PBXProject section */

/* Begin PBXResourcesBuildPhase section */
		D47651A42D68C95D002F03ED /* Resources */ = {
			isa = PBXResourcesBuildPhase;
			buildActionMask = 2147483647;
			files = (
			);
			runOnlyForDeploymentPostprocessing = 0;
		};
		D47651B42D68C95F002F03ED /* Resources */ = {
			isa = PBXResourcesBuildPhase;
			buildActionMask = 2147483647;
			files = (
			);
			runOnlyForDeploymentPostprocessing = 0;
		};
		D47651BE2D68C95F002F03ED /* Resources */ = {
			isa = PBXResourcesBuildPhase;
			buildActionMask = 2147483647;
			files = (
			);
			runOnlyForDeploymentPostprocessing = 0;
		};
/* End PBXResourcesBuildPhase section */

/* Begin PBXSourcesBuildPhase section */
		D47651A22D68C95D002F03ED /* Sources */ = {
			isa = PBXSourcesBuildPhase;
			buildActionMask = 2147483647;
			files = (
			);
			runOnlyForDeploymentPostprocessing = 0;
		};
		D47651B22D68C95F002F03ED /* Sources */ = {
			isa = PBXSourcesBuildPhase;
			buildActionMask = 2147483647;
			files = (
			);
			runOnlyForDeploymentPostprocessing = 0;
		};
		D47651BC2D68C95F002F03ED /* Sources */ = {
			isa = PBXSourcesBuildPhase;
			buildActionMask = 2147483647;
			files = (
			);
			runOnlyForDeploymentPostprocessing = 0;
		};
/* End PBXSourcesBuildPhase section */

/* Begin PBXTargetDependency section */
		D47651B82D68C95F002F03ED /* PBXTargetDependency */ = {
			isa = PBXTargetDependency;
			target = D47651A52D68C95D002F03ED /* FirstSwiftUIProject */;
			targetProxy = D47651B72D68C95F002F03ED /* PBXContainerItemProxy */;
		};
		D47651C22D68C95F002F03ED /* PBXTargetDependency */ = {
			isa = PBXTargetDependency;
			target = D47651A52D68C95D002F03ED /* FirstSwiftUIProject */;
			targetProxy = D47651C12D68C95F002F03ED /* PBXContainerItemProxy */;
		};
/* End PBXTargetDependency section */

/* Begin XCBuildConfiguration section */
		D47651C82D68C95F002F03ED /* Debug */ = {
			isa = XCBuildConfiguration;
			buildSettings = {
				ALWAYS_SEARCH_USER_PATHS = NO;
				ASSETCATALOG_COMPILER_GENERATE_SWIFT_ASSET_SYMBOL_EXTENSIONS = YES;
				CLANG_ANALYZER_NONNULL = YES;
				CLANG_ANALYZER_NUMBER_OBJECT_CONVERSION = YES_AGGRESSIVE;
				CLANG_CXX_LANGUAGE_STANDARD = "gnu++20";
				CLANG_ENABLE_MODULES = YES;
				CLANG_ENABLE_OBJC_ARC = YES;
				CLANG_ENABLE_OBJC_WEAK = YES;
				CLANG_WARN_BLOCK_CAPTURE_AUTORELEASING = YES;
				CLANG_WARN_BOOL_CONVERSION = YES;
				CLANG_WARN_COMMA = YES;
				CLANG_WARN_CONSTANT_CONVERSION = YES;
				CLANG_WARN_DEPRECATED_OBJC_IMPLEMENTATIONS = YES;
				CLANG_WARN_DIRECT_OBJC_ISA_USAGE = YES_ERROR;
				CLANG_WARN_DOCUMENTATION_COMMENTS = YES;
				CLANG_WARN_EMPTY_BODY = YES;
				CLANG_WARN_ENUM_CONVERSION = YES;
				CLANG_WARN_INFINITE_RECURSION = YES;
				CLANG_WARN_INT_CONVERSION = YES;
				CLANG_WARN_NON_LITERAL_NULL_CONVERSION = YES;
				CLANG_WARN_OBJC_IMPLICIT_RETAIN_SELF = YES;
				CLANG_WARN_OBJC_LITERAL_CONVERSION = YES;
				CLANG_WARN_OBJC_ROOT_CLASS = YES_ERROR;
				CLANG_WARN_QUOTED_INCLUDE_IN_FRAMEWORK_HEADER = YES;
				CLANG_WARN_RANGE_LOOP_ANALYSIS = YES;
				CLANG_WARN_STRICT_PROTOTYPES = YES;
				CLANG_WARN_SUSPICIOUS_MOVE = YES;
				CLANG_WARN_UNGUARDED_AVAILABILITY = YES_AGGRESSIVE;
				CLANG_WARN_UNREACHABLE_CODE = YES;
				CLANG_WARN__DUPLICATE_METHOD_MATCH = YES;
				COPY_PHASE_STRIP = NO;
				DEBUG_INFORMATION_FORMAT = dwarf;
				ENABLE_STRICT_OBJC_MSGSEND = YES;
				ENABLE_TESTABILITY = YES;
				ENABLE_USER_SCRIPT_SANDBOXING = YES;
				GCC_C_LANGUAGE_STANDARD = gnu17;
				GCC_DYNAMIC_NO_PIC = NO;
				GCC_NO_COMMON_BLOCKS = YES;
				GCC_OPTIMIZATION_LEVEL = 0;
				GCC_PREPROCESSOR_DEFINITIONS = (
					"DEBUG=1",
					"$(inherited)",
				);
				GCC_WARN_64_TO_32_BIT_CONVERSION = YES;
				GCC_WARN_ABOUT_RETURN_TYPE = YES_ERROR;
				GCC_WARN_UNDECLARED_SELECTOR = YES;
				GCC_WARN_UNINITIALIZED_AUTOS = YES_AGGRESSIVE;
				GCC_WARN_UNUSED_FUNCTION = YES;
				GCC_WARN_UNUSED_VARIABLE = YES;
				IPHONEOS_DEPLOYMENT_TARGET = 18.2;
				LOCALIZATION_PREFERS_STRING_CATALOGS = YES;
				MTL_ENABLE_DEBUG_INFO = INCLUDE_SOURCE;
				MTL_FAST_MATH = YES;
				ONLY_ACTIVE_ARCH = YES;
				SDKROOT = iphoneos;
				SWIFT_ACTIVE_COMPILATION_CONDITIONS = "DEBUG $(inherited)";
				SWIFT_OPTIMIZATION_LEVEL = "-Onone";
			};
			name = Debug;
		};
		D47651C92D68C95F002F03ED /* Release */ = {
			isa = XCBuildConfiguration;
			buildSettings = {
				ALWAYS_SEARCH_USER_PATHS = NO;
				ASSETCATALOG_COMPILER_GENERATE_SWIFT_ASSET_SYMBOL_EXTENSIONS = YES;
				CLANG_ANALYZER_NONNULL = YES;
				CLANG_ANALYZER_NUMBER_OBJECT_CONVERSION = YES_AGGRESSIVE;
				CLANG_CXX_LANGUAGE_STANDARD = "gnu++20";
				CLANG_ENABLE_MODULES = YES;
				CLANG_ENABLE_OBJC_ARC = YES;
				CLANG_ENABLE_OBJC_WEAK = YES;
				CLANG_WARN_BLOCK_CAPTURE_AUTORELEASING = YES;
				CLANG_WARN_BOOL_CONVERSION = YES;
				CLANG_WARN_COMMA = YES;
				CLANG_WARN_CONSTANT_CONVERSION = YES;
				CLANG_WARN_DEPRECATED_OBJC_IMPLEMENTATIONS = YES;
				CLANG_WARN_DIRECT_OBJC_ISA_USAGE = YES_ERROR;
				CLANG_WARN_DOCUMENTATION_COMMENTS = YES;
				CLANG_WARN_EMPTY_BODY = YES;
				CLANG_WARN_ENUM_CONVERSION = YES;
				CLANG_WARN_INFINITE_RECURSION = YES;
				CLANG_WARN_INT_CONVERSION = YES;
				CLANG_WARN_NON_LITERAL_NULL_CONVERSION = YES;
				CLANG_WARN_OBJC_IMPLICIT_RETAIN_SELF = YES;
				CLANG_WARN_OBJC_LITERAL_CONVERSION = YES;
				CLANG_WARN_OBJC_ROOT_CLASS = YES_ERROR;
				CLANG_WARN_QUOTED_INCLUDE_IN_FRAMEWORK_HEADER = YES;
				CLANG_WARN_RANGE_LOOP_ANALYSIS = YES;
				CLANG_WARN_STRICT_PROTOTYPES = YES;
				CLANG_WARN_SUSPICIOUS_MOVE = YES;
				CLANG_WARN_UNGUARDED_AVAILABILITY = YES_AGGRESSIVE;
				CLANG_WARN_UNREACHABLE_CODE = YES;
				CLANG_WARN__DUPLICATE_METHOD_MATCH = YES;
				COPY_PHASE_STRIP = NO;
				DEBUG_INFORMATION_FORMAT = "dwarf-with-dsym";
				ENABLE_NS_ASSERTIONS = NO;
				ENABLE_STRICT_OBJC_MSGSEND = YES;
				ENABLE_USER_SCRIPT_SANDBOXING = YES;
				GCC_C_LANGUAGE_STANDARD = gnu17;
				GCC_NO_COMMON_BLOCKS = YES;
				GCC_WARN_64_TO_32_BIT_CONVERSION = YES;
				GCC_WARN_ABOUT_RETURN_TYPE = YES_ERROR;
				GCC_WARN_UNDECLARED_SELECTOR = YES;
				GCC_WARN_UNINITIALIZED_AUTOS = YES_AGGRESSIVE;
				GCC_WARN_UNUSED_FUNCTION = YES;
				GCC_WARN_UNUSED_VARIABLE = YES;
				IPHONEOS_DEPLOYMENT_TARGET = 18.2;
				LOCALIZATION_PREFERS_STRING_CATALOGS = YES;
				MTL_ENABLE_DEBUG_INFO = NO;
				MTL_FAST_MATH = YES;
				SDKROOT = iphoneos;
				SWIFT_COMPILATION_MODE = wholemodule;
				VALIDATE_PRODUCT = YES;
			};
			name = Release;
		};
		D47651CB2D68C95F002F03ED /* Debug */ = {
			isa = XCBuildConfiguration;
			buildSettings = {
				ASSETCATALOG_COMPILER_APPICON_NAME = AppIcon;
				ASSETCATALOG_COMPILER_GLOBAL_ACCENT_COLOR_NAME = AccentColor;
				CODE_SIGN_STYLE = Automatic;
				CURRENT_PROJECT_VERSION = 1;
				DEVELOPMENT_ASSET_PATHS = "\"FirstSwiftUIProject/Preview Content\"";
				ENABLE_PREVIEWS = YES;
				GENERATE_INFOPLIST_FILE = YES;
				INFOPLIST_KEY_UIApplicationSceneManifest_Generation = YES;
				INFOPLIST_KEY_UIApplicationSupportsIndirectInputEvents = YES;
				INFOPLIST_KEY_UILaunchScreen_Generation = YES;
				INFOPLIST_KEY_UISupportedInterfaceOrientations_iPad = "UIInterfaceOrientationPortrait UIInterfaceOrientationPortraitUpsideDown UIInterfaceOrientationLandscapeLeft UIInterfaceOrientationLandscapeRight";
				INFOPLIST_KEY_UISupportedInterfaceOrientations_iPhone = "UIInterfaceOrientationPortrait UIInterfaceOrientationLandscapeLeft UIInterfaceOrientationLandscapeRight";
				LD_RUNPATH_SEARCH_PATHS = (
					"$(inherited)",
					"@executable_path/Frameworks",
				);
				MARKETING_VERSION = 1.0;
				PRODUCT_BUNDLE_IDENTIFIER = xyz.tung.patrick.FirstSwiftUIProject;
				PRODUCT_NAME = "$(TARGET_NAME)";
				SWIFT_EMIT_LOC_STRINGS = YES;
				SWIFT_VERSION = 5.0;
				TARGETED_DEVICE_FAMILY = "1,2";
			};
			name = Debug;
		};
		D47651CC2D68C95F002F03ED /* Release */ = {
			isa = XCBuildConfiguration;
			buildSettings = {
				ASSETCATALOG_COMPILER_APPICON_NAME = AppIcon;
				ASSETCATALOG_COMPILER_GLOBAL_ACCENT_COLOR_NAME = AccentColor;
				CODE_SIGN_STYLE = Automatic;
				CURRENT_PROJECT_VERSION = 1;
				DEVELOPMENT_ASSET_PATHS = "\"FirstSwiftUIProject/Preview Content\"";
				ENABLE_PREVIEWS = YES;
				GENERATE_INFOPLIST_FILE = YES;
				INFOPLIST_KEY_UIApplicationSceneManifest_Generation = YES;
				INFOPLIST_KEY_UIApplicationSupportsIndirectInputEvents = YES;
				INFOPLIST_KEY_UILaunchScreen_Generation = YES;
				INFOPLIST_KEY_UISupportedInterfaceOrientations_iPad = "UIInterfaceOrientationPortrait UIInterfaceOrientationPortraitUpsideDown UIInterfaceOrientationLandscapeLeft UIInterfaceOrientationLandscapeRight";
				INFOPLIST_KEY_UISupportedInterfaceOrientations_iPhone = "UIInterfaceOrientationPortrait UIInterfaceOrientationLandscapeLeft UIInterfaceOrientationLandscapeRight";
				LD_RUNPATH_SEARCH_PATHS = (
					"$(inherited)",
					"@executable_path/Frameworks",
				);
				MARKETING_VERSION = 1.0;
				PRODUCT_BUNDLE_IDENTIFIER = xyz.tung.patrick.FirstSwiftUIProject;
				PRODUCT_NAME = "$(TARGET_NAME)";
				SWIFT_EMIT_LOC_STRINGS = YES;
				SWIFT_VERSION = 5.0;
				TARGETED_DEVICE_FAMILY = "1,2";
			};
			name = Release;
		};
		D47651CE2D68C95F002F03ED /* Debug */ = {
			isa = XCBuildConfiguration;
			buildSettings = {
				BUNDLE_LOADER = "$(TEST_HOST)";
				CODE_SIGN_STYLE = Automatic;
				CURRENT_PROJECT_VERSION = 1;
				GENERATE_INFOPLIST_FILE = YES;
				IPHONEOS_DEPLOYMENT_TARGET = 18.2;
				MARKETING_VERSION = 1.0;
				PRODUCT_BUNDLE_IDENTIFIER = xyz.tung.patrick.FirstSwiftUIProjectTests;
				PRODUCT_NAME = "$(TARGET_NAME)";
				SWIFT_EMIT_LOC_STRINGS = NO;
				SWIFT_VERSION = 5.0;
				TARGETED_DEVICE_FAMILY = "1,2";
				TEST_HOST = "$(BUILT_PRODUCTS_DIR)/FirstSwiftUIProject.app/$(BUNDLE_EXECUTABLE_FOLDER_PATH)/FirstSwiftUIProject";
			};
			name = Debug;
		};
		D47651CF2D68C95F002F03ED /* Release */ = {
			isa = XCBuildConfiguration;
			buildSettings = {
				BUNDLE_LOADER = "$(TEST_HOST)";
				CODE_SIGN_STYLE = Automatic;
				CURRENT_PROJECT_VERSION = 1;
				GENERATE_INFOPLIST_FILE = YES;
				IPHONEOS_DEPLOYMENT_TARGET = 18.2;
				MARKETING_VERSION = 1.0;
				PRODUCT_BUNDLE_IDENTIFIER = xyz.tung.patrick.FirstSwiftUIProjectTests;
				PRODUCT_NAME = "$(TARGET_NAME)";
				SWIFT_EMIT_LOC_STRINGS = NO;
				SWIFT_VERSION = 5.0;
				TARGETED_DEVICE_FAMILY = "1,2";
				TEST_HOST = "$(BUILT_PRODUCTS_DIR)/FirstSwiftUIProject.app/$(BUNDLE_EXECUTABLE_FOLDER_PATH)/FirstSwiftUIProject";
			};
			name = Release;
		};
		D47651D12D68C95F002F03ED /* Debug */ = {
			isa = XCBuildConfiguration;
			buildSettings = {
				CODE_SIGN_STYLE = Automatic;
				CURRENT_PROJECT_VERSION = 1;
				GENERATE_INFOPLIST_FILE = YES;
				MARKETING_VERSION = 1.0;
				PRODUCT_BUNDLE_IDENTIFIER = xyz.tung.patrick.FirstSwiftUIProjectUITests;
				PRODUCT_NAME = "$(TARGET_NAME)";
				SWIFT_EMIT_LOC_STRINGS = NO;
				SWIFT_VERSION = 5.0;
				TARGETED_DEVICE_FAMILY = "1,2";
				TEST_TARGET_NAME = FirstSwiftUIProject;
			};
			name = Debug;
		};
		D47651D22D68C95F002F03ED /* Release */ = {
			isa = XCBuildConfiguration;
			buildSettings = {
				CODE_SIGN_STYLE = Automatic;
				CURRENT_PROJECT_VERSION = 1;
				GENERATE_INFOPLIST_FILE = YES;
				MARKETING_VERSION = 1.0;
				PRODUCT_BUNDLE_IDENTIFIER = xyz.tung.patrick.FirstSwiftUIProjectUITests;
				PRODUCT_NAME = "$(TARGET_NAME)";
				SWIFT_EMIT_LOC_STRINGS = NO;
				SWIFT_VERSION = 5.0;
				TARGETED_DEVICE_FAMILY = "1,2";
				TEST_TARGET_NAME = FirstSwiftUIProject;
			};
			name = Release;
		};
/* End XCBuildConfiguration section */

/* Begin XCConfigurationList section */
		D47651A12D68C95D002F03ED /* Build configuration list for PBXProject "FirstSwiftUIProject" */ = {
			isa = XCConfigurationList;
			buildConfigurations = (
				D47651C82D68C95F002F03ED /* Debug */,
				D47651C92D68C95F002F03ED /* Release */,
			);
			defaultConfigurationIsVisible = 0;
			defaultConfigurationName = Release;
		};
		D47651CA2D68C95F002F03ED /* Build configuration list for PBXNativeTarget "FirstSwiftUIProject" */ = {
			isa = XCConfigurationList;
			buildConfigurations = (
				D47651CB2D68C95F002F03ED /* Debug */,
				D47651CC2D68C95F002F03ED /* Release */,
			);
			defaultConfigurationIsVisible = 0;
			defaultConfigurationName = Release;
		};
		D47651CD2D68C95F002F03ED /* Build configuration list for PBXNativeTarget "FirstSwiftUIProjectTests" */ = {
			isa = XCConfigurationList;
			buildConfigurations = (
				D47651CE2D68C95F002F03ED /* Debug */,
				D47651CF2D68C95F002F03ED /* Release */,
			);
			defaultConfigurationIsVisible = 0;
			defaultConfigurationName = Release;
		};
		D47651D02D68C95F002F03ED /* Build configuration list for PBXNativeTarget "FirstSwiftUIProjectUITests" */ = {
			isa = XCConfigurationList;
			buildConfigurations = (
				D47651D12D68C95F002F03ED /* Debug */,
				D47651D22D68C95F002F03ED /* Release */,
			);
			defaultConfigurationIsVisible = 0;
			defaultConfigurationName = Release;
		};
/* End XCConfigurationList section */
	};
	rootObject = D476519E2D68C95D002F03ED /* Project object */;
}
