PODS:
  - Realm (20.0.1):
    - Realm/Headers (= 20.0.1)
  - Realm/Headers (20.0.1)
  - RealmSwift (20.0.1):
    - Realm (= 20.0.1)
  - SwiftLint (0.58.2)

DEPENDENCIES:
  - Realm
  - RealmSwift
  - SwiftLint

SPEC REPOS:
  trunk:
    - Realm
    - RealmSwift
    - SwiftLint

SPEC CHECKSUMS:
  Realm: 9572204903ef28caeb3c03bb30c1147f354ee3e7
  RealmSwift: d230b44017a55a1ba97de6a944da1fe3bedb92b5
  SwiftLint: 365bcd9ffc83d0deb874e833556d82549919d6cd

PODFILE CHECKSUM: d417108b66be9e6317f5fa0ab8748b90d8d938a0

COCOAPODS: 1.16.2
