// !$*UTF8*$!
{
	archiveVersion = 1;
	classes = {
	};
	objectVersion = 77;
	objects = {

/* Begin PBXContainerItemProxy section */
		D48CC2A82D6BBE3200D5BFC9 /* PBXContainerItemProxy */ = {
			isa = PBXContainerItemProxy;
			containerPortal = D48CC28F2D6BBE3000D5BFC9 /* Project object */;
			proxyType = 1;
			remoteGlobalIDString = D48CC2962D6BBE3000D5BFC9;
			remoteInfo = MySwiftUIdemo;
		};
		D48CC2B22D6BBE3200D5BFC9 /* PBXContainerItemProxy */ = {
			isa = PBXContainerItemProxy;
			containerPortal = D48CC28F2D6BBE3000D5BFC9 /* Project object */;
			proxyType = 1;
			remoteGlobalIDString = D48CC2962D6BBE3000D5BFC9;
			remoteInfo = MySwiftUIdemo;
		};
/* End PBXContainerItemProxy section */

/* Begin PBXFileReference section */
		D48CC2972D6BBE3000D5BFC9 /* MySwiftUIdemo.app */ = {isa = PBXFileReference; explicitFileType = wrapper.application; includeInIndex = 0; path = MySwiftUIdemo.app; sourceTree = BUILT_PRODUCTS_DIR; };
		D48CC2A72D6BBE3200D5BFC9 /* MySwiftUIdemoTests.xctest */ = {isa = PBXFileReference; explicitFileType = wrapper.cfbundle; includeInIndex = 0; path = MySwiftUIdemoTests.xctest; sourceTree = BUILT_PRODUCTS_DIR; };
		D48CC2B12D6BBE3200D5BFC9 /* MySwiftUIdemoUITests.xctest */ = {isa = PBXFileReference; explicitFileType = wrapper.cfbundle; includeInIndex = 0; path = MySwiftUIdemoUITests.xctest; sourceTree = BUILT_PRODUCTS_DIR; };
/* End PBXFileReference section */

/* Begin PBXFileSystemSynchronizedRootGroup section */
		D48CC2992D6BBE3000D5BFC9 /* MySwiftUIdemo */ = {
			isa = PBXFileSystemSynchronizedRootGroup;
			path = MySwiftUIdemo;
			sourceTree = "<group>";
		};
		D48CC2AA2D6BBE3200D5BFC9 /* MySwiftUIdemoTests */ = {
			isa = PBXFileSystemSynchronizedRootGroup;
			path = MySwiftUIdemoTests;
			sourceTree = "<group>";
		};
		D48CC2B42D6BBE3200D5BFC9 /* MySwiftUIdemoUITests */ = {
			isa = PBXFileSystemSynchronizedRootGroup;
			path = MySwiftUIdemoUITests;
			sourceTree = "<group>";
		};
/* End PBXFileSystemSynchronizedRootGroup section */

/* Begin PBXFrameworksBuildPhase section */
		D48CC2942D6BBE3000D5BFC9 /* Frameworks */ = {
			isa = PBXFrameworksBuildPhase;
			buildActionMask = 2147483647;
			files = (
			);
			runOnlyForDeploymentPostprocessing = 0;
		};
		D48CC2A42D6BBE3200D5BFC9 /* Frameworks */ = {
			isa = PBXFrameworksBuildPhase;
			buildActionMask = 2147483647;
			files = (
			);
			runOnlyForDeploymentPostprocessing = 0;
		};
		D48CC2AE2D6BBE3200D5BFC9 /* Frameworks */ = {
			isa = PBXFrameworksBuildPhase;
			buildActionMask = 2147483647;
			files = (
			);
			runOnlyForDeploymentPostprocessing = 0;
		};
/* End PBXFrameworksBuildPhase section */

/* Begin PBXGroup section */
		D48CC28E2D6BBE3000D5BFC9 = {
			isa = PBXGroup;
			children = (
				D48CC2992D6BBE3000D5BFC9 /* MySwiftUIdemo */,
				D48CC2AA2D6BBE3200D5BFC9 /* MySwiftUIdemoTests */,
				D48CC2B42D6BBE3200D5BFC9 /* MySwiftUIdemoUITests */,
				D48CC2982D6BBE3000D5BFC9 /* Products */,
			);
			sourceTree = "<group>";
		};
		D48CC2982D6BBE3000D5BFC9 /* Products */ = {
			isa = PBXGroup;
			children = (
				D48CC2972D6BBE3000D5BFC9 /* MySwiftUIdemo.app */,
				D48CC2A72D6BBE3200D5BFC9 /* MySwiftUIdemoTests.xctest */,
				D48CC2B12D6BBE3200D5BFC9 /* MySwiftUIdemoUITests.xctest */,
			);
			name = Products;
			sourceTree = "<group>";
		};
/* End PBXGroup section */

/* Begin PBXNativeTarget section */
		D48CC2962D6BBE3000D5BFC9 /* MySwiftUIdemo */ = {
			isa = PBXNativeTarget;
			buildConfigurationList = D48CC2BB2D6BBE3200D5BFC9 /* Build configuration list for PBXNativeTarget "MySwiftUIdemo" */;
			buildPhases = (
				D48CC2932D6BBE3000D5BFC9 /* Sources */,
				D48CC2942D6BBE3000D5BFC9 /* Frameworks */,
				D48CC2952D6BBE3000D5BFC9 /* Resources */,
			);
			buildRules = (
			);
			dependencies = (
			);
			fileSystemSynchronizedGroups = (
				D48CC2992D6BBE3000D5BFC9 /* MySwiftUIdemo */,
			);
			name = MySwiftUIdemo;
			packageProductDependencies = (
			);
			productName = MySwiftUIdemo;
			productReference = D48CC2972D6BBE3000D5BFC9 /* MySwiftUIdemo.app */;
			productType = "com.apple.product-type.application";
		};
		D48CC2A62D6BBE3200D5BFC9 /* MySwiftUIdemoTests */ = {
			isa = PBXNativeTarget;
			buildConfigurationList = D48CC2BE2D6BBE3200D5BFC9 /* Build configuration list for PBXNativeTarget "MySwiftUIdemoTests" */;
			buildPhases = (
				D48CC2A32D6BBE3200D5BFC9 /* Sources */,
				D48CC2A42D6BBE3200D5BFC9 /* Frameworks */,
				D48CC2A52D6BBE3200D5BFC9 /* Resources */,
			);
			buildRules = (
			);
			dependencies = (
				D48CC2A92D6BBE3200D5BFC9 /* PBXTargetDependency */,
			);
			fileSystemSynchronizedGroups = (
				D48CC2AA2D6BBE3200D5BFC9 /* MySwiftUIdemoTests */,
			);
			name = MySwiftUIdemoTests;
			packageProductDependencies = (
			);
			productName = MySwiftUIdemoTests;
			productReference = D48CC2A72D6BBE3200D5BFC9 /* MySwiftUIdemoTests.xctest */;
			productType = "com.apple.product-type.bundle.unit-test";
		};
		D48CC2B02D6BBE3200D5BFC9 /* MySwiftUIdemoUITests */ = {
			isa = PBXNativeTarget;
			buildConfigurationList = D48CC2C12D6BBE3200D5BFC9 /* Build configuration list for PBXNativeTarget "MySwiftUIdemoUITests" */;
			buildPhases = (
				D48CC2AD2D6BBE3200D5BFC9 /* Sources */,
				D48CC2AE2D6BBE3200D5BFC9 /* Frameworks */,
				D48CC2AF2D6BBE3200D5BFC9 /* Resources */,
			);
			buildRules = (
			);
			dependencies = (
				D48CC2B32D6BBE3200D5BFC9 /* PBXTargetDependency */,
			);
			fileSystemSynchronizedGroups = (
				D48CC2B42D6BBE3200D5BFC9 /* MySwiftUIdemoUITests */,
			);
			name = MySwiftUIdemoUITests;
			packageProductDependencies = (
			);
			productName = MySwiftUIdemoUITests;
			productReference = D48CC2B12D6BBE3200D5BFC9 /* MySwiftUIdemoUITests.xctest */;
			productType = "com.apple.product-type.bundle.ui-testing";
		};
/* End PBXNativeTarget section */

/* Begin PBXProject section */
		D48CC28F2D6BBE3000D5BFC9 /* Project object */ = {
			isa = PBXProject;
			attributes = {
				BuildIndependentTargetsInParallel = 1;
				LastSwiftUpdateCheck = 1620;
				LastUpgradeCheck = 1620;
				TargetAttributes = {
					D48CC2962D6BBE3000D5BFC9 = {
						CreatedOnToolsVersion = 16.2;
					};
					D48CC2A62D6BBE3200D5BFC9 = {
						CreatedOnToolsVersion = 16.2;
						TestTargetID = D48CC2962D6BBE3000D5BFC9;
					};
					D48CC2B02D6BBE3200D5BFC9 = {
						CreatedOnToolsVersion = 16.2;
						TestTargetID = D48CC2962D6BBE3000D5BFC9;
					};
				};
			};
			buildConfigurationList = D48CC2922D6BBE3000D5BFC9 /* Build configuration list for PBXProject "MySwiftUIdemo" */;
			developmentRegion = en;
			hasScannedForEncodings = 0;
			knownRegions = (
				en,
				Base,
			);
			mainGroup = D48CC28E2D6BBE3000D5BFC9;
			minimizedProjectReferenceProxies = 1;
			preferredProjectObjectVersion = 77;
			productRefGroup = D48CC2982D6BBE3000D5BFC9 /* Products */;
			projectDirPath = "";
			projectRoot = "";
			targets = (
				D48CC2962D6BBE3000D5BFC9 /* MySwiftUIdemo */,
				D48CC2A62D6BBE3200D5BFC9 /* MySwiftUIdemoTests */,
				D48CC2B02D6BBE3200D5BFC9 /* MySwiftUIdemoUITests */,
			);
		};
/* End PBXProject section */

/* Begin PBXResourcesBuildPhase section */
		D48CC2952D6BBE3000D5BFC9 /* Resources */ = {
			isa = PBXResourcesBuildPhase;
			buildActionMask = 2147483647;
			files = (
			);
			runOnlyForDeploymentPostprocessing = 0;
		};
		D48CC2A52D6BBE3200D5BFC9 /* Resources */ = {
			isa = PBXResourcesBuildPhase;
			buildActionMask = 2147483647;
			files = (
			);
			runOnlyForDeploymentPostprocessing = 0;
		};
		D48CC2AF2D6BBE3200D5BFC9 /* Resources */ = {
			isa = PBXResourcesBuildPhase;
			buildActionMask = 2147483647;
			files = (
			);
			runOnlyForDeploymentPostprocessing = 0;
		};
/* End PBXResourcesBuildPhase section */

/* Begin PBXSourcesBuildPhase section */
		D48CC2932D6BBE3000D5BFC9 /* Sources */ = {
			isa = PBXSourcesBuildPhase;
			buildActionMask = 2147483647;
			files = (
			);
			runOnlyForDeploymentPostprocessing = 0;
		};
		D48CC2A32D6BBE3200D5BFC9 /* Sources */ = {
			isa = PBXSourcesBuildPhase;
			buildActionMask = 2147483647;
			files = (
			);
			runOnlyForDeploymentPostprocessing = 0;
		};
		D48CC2AD2D6BBE3200D5BFC9 /* Sources */ = {
			isa = PBXSourcesBuildPhase;
			buildActionMask = 2147483647;
			files = (
			);
			runOnlyForDeploymentPostprocessing = 0;
		};
/* End PBXSourcesBuildPhase section */

/* Begin PBXTargetDependency section */
		D48CC2A92D6BBE3200D5BFC9 /* PBXTargetDependency */ = {
			isa = PBXTargetDependency;
			target = D48CC2962D6BBE3000D5BFC9 /* MySwiftUIdemo */;
			targetProxy = D48CC2A82D6BBE3200D5BFC9 /* PBXContainerItemProxy */;
		};
		D48CC2B32D6BBE3200D5BFC9 /* PBXTargetDependency */ = {
			isa = PBXTargetDependency;
			target = D48CC2962D6BBE3000D5BFC9 /* MySwiftUIdemo */;
			targetProxy = D48CC2B22D6BBE3200D5BFC9 /* PBXContainerItemProxy */;
		};
/* End PBXTargetDependency section */

/* Begin XCBuildConfiguration section */
		D48CC2B92D6BBE3200D5BFC9 /* Debug */ = {
			isa = XCBuildConfiguration;
			buildSettings = {
				ALWAYS_SEARCH_USER_PATHS = NO;
				ASSETCATALOG_COMPILER_GENERATE_SWIFT_ASSET_SYMBOL_EXTENSIONS = YES;
				CLANG_ANALYZER_NONNULL = YES;
				CLANG_ANALYZER_NUMBER_OBJECT_CONVERSION = YES_AGGRESSIVE;
				CLANG_CXX_LANGUAGE_STANDARD = "gnu++20";
				CLANG_ENABLE_MODULES = YES;
				CLANG_ENABLE_OBJC_ARC = YES;
				CLANG_ENABLE_OBJC_WEAK = YES;
				CLANG_WARN_BLOCK_CAPTURE_AUTORELEASING = YES;
				CLANG_WARN_BOOL_CONVERSION = YES;
				CLANG_WARN_COMMA = YES;
				CLANG_WARN_CONSTANT_CONVERSION = YES;
				CLANG_WARN_DEPRECATED_OBJC_IMPLEMENTATIONS = YES;
				CLANG_WARN_DIRECT_OBJC_ISA_USAGE = YES_ERROR;
				CLANG_WARN_DOCUMENTATION_COMMENTS = YES;
				CLANG_WARN_EMPTY_BODY = YES;
				CLANG_WARN_ENUM_CONVERSION = YES;
				CLANG_WARN_INFINITE_RECURSION = YES;
				CLANG_WARN_INT_CONVERSION = YES;
				CLANG_WARN_NON_LITERAL_NULL_CONVERSION = YES;
				CLANG_WARN_OBJC_IMPLICIT_RETAIN_SELF = YES;
				CLANG_WARN_OBJC_LITERAL_CONVERSION = YES;
				CLANG_WARN_OBJC_ROOT_CLASS = YES_ERROR;
				CLANG_WARN_QUOTED_INCLUDE_IN_FRAMEWORK_HEADER = YES;
				CLANG_WARN_RANGE_LOOP_ANALYSIS = YES;
				CLANG_WARN_STRICT_PROTOTYPES = YES;
				CLANG_WARN_SUSPICIOUS_MOVE = YES;
				CLANG_WARN_UNGUARDED_AVAILABILITY = YES_AGGRESSIVE;
				CLANG_WARN_UNREACHABLE_CODE = YES;
				CLANG_WARN__DUPLICATE_METHOD_MATCH = YES;
				COPY_PHASE_STRIP = NO;
				DEBUG_INFORMATION_FORMAT = dwarf;
				ENABLE_STRICT_OBJC_MSGSEND = YES;
				ENABLE_TESTABILITY = YES;
				ENABLE_USER_SCRIPT_SANDBOXING = YES;
				GCC_C_LANGUAGE_STANDARD = gnu17;
				GCC_DYNAMIC_NO_PIC = NO;
				GCC_NO_COMMON_BLOCKS = YES;
				GCC_OPTIMIZATION_LEVEL = 0;
				GCC_PREPROCESSOR_DEFINITIONS = (
					"DEBUG=1",
					"$(inherited)",
				);
				GCC_WARN_64_TO_32_BIT_CONVERSION = YES;
				GCC_WARN_ABOUT_RETURN_TYPE = YES_ERROR;
				GCC_WARN_UNDECLARED_SELECTOR = YES;
				GCC_WARN_UNINITIALIZED_AUTOS = YES_AGGRESSIVE;
				GCC_WARN_UNUSED_FUNCTION = YES;
				GCC_WARN_UNUSED_VARIABLE = YES;
				IPHONEOS_DEPLOYMENT_TARGET = 18.2;
				LOCALIZATION_PREFERS_STRING_CATALOGS = YES;
				MTL_ENABLE_DEBUG_INFO = INCLUDE_SOURCE;
				MTL_FAST_MATH = YES;
				ONLY_ACTIVE_ARCH = YES;
				SDKROOT = iphoneos;
				SWIFT_ACTIVE_COMPILATION_CONDITIONS = "DEBUG $(inherited)";
				SWIFT_OPTIMIZATION_LEVEL = "-Onone";
			};
			name = Debug;
		};
		D48CC2BA2D6BBE3200D5BFC9 /* Release */ = {
			isa = XCBuildConfiguration;
			buildSettings = {
				ALWAYS_SEARCH_USER_PATHS = NO;
				ASSETCATALOG_COMPILER_GENERATE_SWIFT_ASSET_SYMBOL_EXTENSIONS = YES;
				CLANG_ANALYZER_NONNULL = YES;
				CLANG_ANALYZER_NUMBER_OBJECT_CONVERSION = YES_AGGRESSIVE;
				CLANG_CXX_LANGUAGE_STANDARD = "gnu++20";
				CLANG_ENABLE_MODULES = YES;
				CLANG_ENABLE_OBJC_ARC = YES;
				CLANG_ENABLE_OBJC_WEAK = YES;
				CLANG_WARN_BLOCK_CAPTURE_AUTORELEASING = YES;
				CLANG_WARN_BOOL_CONVERSION = YES;
				CLANG_WARN_COMMA = YES;
				CLANG_WARN_CONSTANT_CONVERSION = YES;
				CLANG_WARN_DEPRECATED_OBJC_IMPLEMENTATIONS = YES;
				CLANG_WARN_DIRECT_OBJC_ISA_USAGE = YES_ERROR;
				CLANG_WARN_DOCUMENTATION_COMMENTS = YES;
				CLANG_WARN_EMPTY_BODY = YES;
				CLANG_WARN_ENUM_CONVERSION = YES;
				CLANG_WARN_INFINITE_RECURSION = YES;
				CLANG_WARN_INT_CONVERSION = YES;
				CLANG_WARN_NON_LITERAL_NULL_CONVERSION = YES;
				CLANG_WARN_OBJC_IMPLICIT_RETAIN_SELF = YES;
				CLANG_WARN_OBJC_LITERAL_CONVERSION = YES;
				CLANG_WARN_OBJC_ROOT_CLASS = YES_ERROR;
				CLANG_WARN_QUOTED_INCLUDE_IN_FRAMEWORK_HEADER = YES;
				CLANG_WARN_RANGE_LOOP_ANALYSIS = YES;
				CLANG_WARN_STRICT_PROTOTYPES = YES;
				CLANG_WARN_SUSPICIOUS_MOVE = YES;
				CLANG_WARN_UNGUARDED_AVAILABILITY = YES_AGGRESSIVE;
				CLANG_WARN_UNREACHABLE_CODE = YES;
				CLANG_WARN__DUPLICATE_METHOD_MATCH = YES;
				COPY_PHASE_STRIP = NO;
				DEBUG_INFORMATION_FORMAT = "dwarf-with-dsym";
				ENABLE_NS_ASSERTIONS = NO;
				ENABLE_STRICT_OBJC_MSGSEND = YES;
				ENABLE_USER_SCRIPT_SANDBOXING = YES;
				GCC_C_LANGUAGE_STANDARD = gnu17;
				GCC_NO_COMMON_BLOCKS = YES;
				GCC_WARN_64_TO_32_BIT_CONVERSION = YES;
				GCC_WARN_ABOUT_RETURN_TYPE = YES_ERROR;
				GCC_WARN_UNDECLARED_SELECTOR = YES;
				GCC_WARN_UNINITIALIZED_AUTOS = YES_AGGRESSIVE;
				GCC_WARN_UNUSED_FUNCTION = YES;
				GCC_WARN_UNUSED_VARIABLE = YES;
				IPHONEOS_DEPLOYMENT_TARGET = 18.2;
				LOCALIZATION_PREFERS_STRING_CATALOGS = YES;
				MTL_ENABLE_DEBUG_INFO = NO;
				MTL_FAST_MATH = YES;
				SDKROOT = iphoneos;
				SWIFT_COMPILATION_MODE = wholemodule;
				VALIDATE_PRODUCT = YES;
			};
			name = Release;
		};
		D48CC2BC2D6BBE3200D5BFC9 /* Debug */ = {
			isa = XCBuildConfiguration;
			buildSettings = {
				ASSETCATALOG_COMPILER_APPICON_NAME = AppIcon;
				ASSETCATALOG_COMPILER_GLOBAL_ACCENT_COLOR_NAME = AccentColor;
				CODE_SIGN_STYLE = Automatic;
				CURRENT_PROJECT_VERSION = 1;
				DEVELOPMENT_ASSET_PATHS = "\"MySwiftUIdemo/Preview Content\"";
				ENABLE_PREVIEWS = YES;
				GENERATE_INFOPLIST_FILE = YES;
				INFOPLIST_KEY_UIApplicationSceneManifest_Generation = YES;
				INFOPLIST_KEY_UIApplicationSupportsIndirectInputEvents = YES;
				INFOPLIST_KEY_UILaunchScreen_Generation = YES;
				INFOPLIST_KEY_UISupportedInterfaceOrientations_iPad = "UIInterfaceOrientationPortrait UIInterfaceOrientationPortraitUpsideDown UIInterfaceOrientationLandscapeLeft UIInterfaceOrientationLandscapeRight";
				INFOPLIST_KEY_UISupportedInterfaceOrientations_iPhone = "UIInterfaceOrientationPortrait UIInterfaceOrientationLandscapeLeft UIInterfaceOrientationLandscapeRight";
				LD_RUNPATH_SEARCH_PATHS = (
					"$(inherited)",
					"@executable_path/Frameworks",
				);
				MARKETING_VERSION = 1.0;
				PRODUCT_BUNDLE_IDENTIFIER = xyz.tung.patrick.MySwiftUIdemo;
				PRODUCT_NAME = "$(TARGET_NAME)";
				SWIFT_EMIT_LOC_STRINGS = YES;
				SWIFT_VERSION = 5.0;
				TARGETED_DEVICE_FAMILY = "1,2";
			};
			name = Debug;
		};
		D48CC2BD2D6BBE3200D5BFC9 /* Release */ = {
			isa = XCBuildConfiguration;
			buildSettings = {
				ASSETCATALOG_COMPILER_APPICON_NAME = AppIcon;
				ASSETCATALOG_COMPILER_GLOBAL_ACCENT_COLOR_NAME = AccentColor;
				CODE_SIGN_STYLE = Automatic;
				CURRENT_PROJECT_VERSION = 1;
				DEVELOPMENT_ASSET_PATHS = "\"MySwiftUIdemo/Preview Content\"";
				ENABLE_PREVIEWS = YES;
				GENERATE_INFOPLIST_FILE = YES;
				INFOPLIST_KEY_UIApplicationSceneManifest_Generation = YES;
				INFOPLIST_KEY_UIApplicationSupportsIndirectInputEvents = YES;
				INFOPLIST_KEY_UILaunchScreen_Generation = YES;
				INFOPLIST_KEY_UISupportedInterfaceOrientations_iPad = "UIInterfaceOrientationPortrait UIInterfaceOrientationPortraitUpsideDown UIInterfaceOrientationLandscapeLeft UIInterfaceOrientationLandscapeRight";
				INFOPLIST_KEY_UISupportedInterfaceOrientations_iPhone = "UIInterfaceOrientationPortrait UIInterfaceOrientationLandscapeLeft UIInterfaceOrientationLandscapeRight";
				LD_RUNPATH_SEARCH_PATHS = (
					"$(inherited)",
					"@executable_path/Frameworks",
				);
				MARKETING_VERSION = 1.0;
				PRODUCT_BUNDLE_IDENTIFIER = xyz.tung.patrick.MySwiftUIdemo;
				PRODUCT_NAME = "$(TARGET_NAME)";
				SWIFT_EMIT_LOC_STRINGS = YES;
				SWIFT_VERSION = 5.0;
				TARGETED_DEVICE_FAMILY = "1,2";
			};
			name = Release;
		};
		D48CC2BF2D6BBE3200D5BFC9 /* Debug */ = {
			isa = XCBuildConfiguration;
			buildSettings = {
				BUNDLE_LOADER = "$(TEST_HOST)";
				CODE_SIGN_STYLE = Automatic;
				CURRENT_PROJECT_VERSION = 1;
				GENERATE_INFOPLIST_FILE = YES;
				IPHONEOS_DEPLOYMENT_TARGET = 18.2;
				MARKETING_VERSION = 1.0;
				PRODUCT_BUNDLE_IDENTIFIER = xyz.tung.patrick.MySwiftUIdemoTests;
				PRODUCT_NAME = "$(TARGET_NAME)";
				SWIFT_EMIT_LOC_STRINGS = NO;
				SWIFT_VERSION = 5.0;
				TARGETED_DEVICE_FAMILY = "1,2";
				TEST_HOST = "$(BUILT_PRODUCTS_DIR)/MySwiftUIdemo.app/$(BUNDLE_EXECUTABLE_FOLDER_PATH)/MySwiftUIdemo";
			};
			name = Debug;
		};
		D48CC2C02D6BBE3200D5BFC9 /* Release */ = {
			isa = XCBuildConfiguration;
			buildSettings = {
				BUNDLE_LOADER = "$(TEST_HOST)";
				CODE_SIGN_STYLE = Automatic;
				CURRENT_PROJECT_VERSION = 1;
				GENERATE_INFOPLIST_FILE = YES;
				IPHONEOS_DEPLOYMENT_TARGET = 18.2;
				MARKETING_VERSION = 1.0;
				PRODUCT_BUNDLE_IDENTIFIER = xyz.tung.patrick.MySwiftUIdemoTests;
				PRODUCT_NAME = "$(TARGET_NAME)";
				SWIFT_EMIT_LOC_STRINGS = NO;
				SWIFT_VERSION = 5.0;
				TARGETED_DEVICE_FAMILY = "1,2";
				TEST_HOST = "$(BUILT_PRODUCTS_DIR)/MySwiftUIdemo.app/$(BUNDLE_EXECUTABLE_FOLDER_PATH)/MySwiftUIdemo";
			};
			name = Release;
		};
		D48CC2C22D6BBE3200D5BFC9 /* Debug */ = {
			isa = XCBuildConfiguration;
			buildSettings = {
				CODE_SIGN_STYLE = Automatic;
				CURRENT_PROJECT_VERSION = 1;
				GENERATE_INFOPLIST_FILE = YES;
				MARKETING_VERSION = 1.0;
				PRODUCT_BUNDLE_IDENTIFIER = xyz.tung.patrick.MySwiftUIdemoUITests;
				PRODUCT_NAME = "$(TARGET_NAME)";
				SWIFT_EMIT_LOC_STRINGS = NO;
				SWIFT_VERSION = 5.0;
				TARGETED_DEVICE_FAMILY = "1,2";
				TEST_TARGET_NAME = MySwiftUIdemo;
			};
			name = Debug;
		};
		D48CC2C32D6BBE3200D5BFC9 /* Release */ = {
			isa = XCBuildConfiguration;
			buildSettings = {
				CODE_SIGN_STYLE = Automatic;
				CURRENT_PROJECT_VERSION = 1;
				GENERATE_INFOPLIST_FILE = YES;
				MARKETING_VERSION = 1.0;
				PRODUCT_BUNDLE_IDENTIFIER = xyz.tung.patrick.MySwiftUIdemoUITests;
				PRODUCT_NAME = "$(TARGET_NAME)";
				SWIFT_EMIT_LOC_STRINGS = NO;
				SWIFT_VERSION = 5.0;
				TARGETED_DEVICE_FAMILY = "1,2";
				TEST_TARGET_NAME = MySwiftUIdemo;
			};
			name = Release;
		};
/* End XCBuildConfiguration section */

/* Begin XCConfigurationList section */
		D48CC2922D6BBE3000D5BFC9 /* Build configuration list for PBXProject "MySwiftUIdemo" */ = {
			isa = XCConfigurationList;
			buildConfigurations = (
				D48CC2B92D6BBE3200D5BFC9 /* Debug */,
				D48CC2BA2D6BBE3200D5BFC9 /* Release */,
			);
			defaultConfigurationIsVisible = 0;
			defaultConfigurationName = Release;
		};
		D48CC2BB2D6BBE3200D5BFC9 /* Build configuration list for PBXNativeTarget "MySwiftUIdemo" */ = {
			isa = XCConfigurationList;
			buildConfigurations = (
				D48CC2BC2D6BBE3200D5BFC9 /* Debug */,
				D48CC2BD2D6BBE3200D5BFC9 /* Release */,
			);
			defaultConfigurationIsVisible = 0;
			defaultConfigurationName = Release;
		};
		D48CC2BE2D6BBE3200D5BFC9 /* Build configuration list for PBXNativeTarget "MySwiftUIdemoTests" */ = {
			isa = XCConfigurationList;
			buildConfigurations = (
				D48CC2BF2D6BBE3200D5BFC9 /* Debug */,
				D48CC2C02D6BBE3200D5BFC9 /* Release */,
			);
			defaultConfigurationIsVisible = 0;
			defaultConfigurationName = Release;
		};
		D48CC2C12D6BBE3200D5BFC9 /* Build configuration list for PBXNativeTarget "MySwiftUIdemoUITests" */ = {
			isa = XCConfigurationList;
			buildConfigurations = (
				D48CC2C22D6BBE3200D5BFC9 /* Debug */,
				D48CC2C32D6BBE3200D5BFC9 /* Release */,
			);
			defaultConfigurationIsVisible = 0;
			defaultConfigurationName = Release;
		};
/* End XCConfigurationList section */
	};
	rootObject = D48CC28F2D6BBE3000D5BFC9 /* Project object */;
}
