// !$*UTF8*$!
{
	archiveVersion = 1;
	classes = {
	};
	objectVersion = 77;
	objects = {

/* Begin PBXContainerItemProxy section */
		D41945F12D6CDC8E004E0F9D /* PBXContainerItemProxy */ = {
			isa = PBXContainerItemProxy;
			containerPortal = D41945D82D6CDC8C004E0F9D /* Project object */;
			proxyType = 1;
			remoteGlobalIDString = D41945DF2D6CDC8C004E0F9D;
			remoteInfo = APIdemo2;
		};
		D41945FB2D6CDC8E004E0F9D /* PBXContainerItemProxy */ = {
			isa = PBXContainerItemProxy;
			containerPortal = D41945D82D6CDC8C004E0F9D /* Project object */;
			proxyType = 1;
			remoteGlobalIDString = D41945DF2D6CDC8C004E0F9D;
			remoteInfo = APIdemo2;
		};
/* End PBXContainerItemProxy section */

/* Begin PBXFileReference section */
		D41945E02D6CDC8C004E0F9D /* APIdemo2.app */ = {isa = PBXFileReference; explicitFileType = wrapper.application; includeInIndex = 0; path = APIdemo2.app; sourceTree = BUILT_PRODUCTS_DIR; };
		D41945F02D6CDC8E004E0F9D /* APIdemo2Tests.xctest */ = {isa = PBXFileReference; explicitFileType = wrapper.cfbundle; includeInIndex = 0; path = APIdemo2Tests.xctest; sourceTree = BUILT_PRODUCTS_DIR; };
		D41945FA2D6CDC8E004E0F9D /* APIdemo2UITests.xctest */ = {isa = PBXFileReference; explicitFileType = wrapper.cfbundle; includeInIndex = 0; path = APIdemo2UITests.xctest; sourceTree = BUILT_PRODUCTS_DIR; };
/* End PBXFileReference section */

/* Begin PBXFileSystemSynchronizedRootGroup section */
		D41945E22D6CDC8C004E0F9D /* APIdemo2 */ = {
			isa = PBXFileSystemSynchronizedRootGroup;
			path = APIdemo2;
			sourceTree = "<group>";
		};
		D41945F32D6CDC8E004E0F9D /* APIdemo2Tests */ = {
			isa = PBXFileSystemSynchronizedRootGroup;
			path = APIdemo2Tests;
			sourceTree = "<group>";
		};
		D41945FD2D6CDC8E004E0F9D /* APIdemo2UITests */ = {
			isa = PBXFileSystemSynchronizedRootGroup;
			path = APIdemo2UITests;
			sourceTree = "<group>";
		};
/* End PBXFileSystemSynchronizedRootGroup section */

/* Begin PBXFrameworksBuildPhase section */
		D41945DD2D6CDC8C004E0F9D /* Frameworks */ = {
			isa = PBXFrameworksBuildPhase;
			buildActionMask = 2147483647;
			files = (
			);
			runOnlyForDeploymentPostprocessing = 0;
		};
		D41945ED2D6CDC8E004E0F9D /* Frameworks */ = {
			isa = PBXFrameworksBuildPhase;
			buildActionMask = 2147483647;
			files = (
			);
			runOnlyForDeploymentPostprocessing = 0;
		};
		D41945F72D6CDC8E004E0F9D /* Frameworks */ = {
			isa = PBXFrameworksBuildPhase;
			buildActionMask = 2147483647;
			files = (
			);
			runOnlyForDeploymentPostprocessing = 0;
		};
/* End PBXFrameworksBuildPhase section */

/* Begin PBXGroup section */
		D41945D72D6CDC8C004E0F9D = {
			isa = PBXGroup;
			children = (
				D41945E22D6CDC8C004E0F9D /* APIdemo2 */,
				D41945F32D6CDC8E004E0F9D /* APIdemo2Tests */,
				D41945FD2D6CDC8E004E0F9D /* APIdemo2UITests */,
				D41945E12D6CDC8C004E0F9D /* Products */,
			);
			sourceTree = "<group>";
		};
		D41945E12D6CDC8C004E0F9D /* Products */ = {
			isa = PBXGroup;
			children = (
				D41945E02D6CDC8C004E0F9D /* APIdemo2.app */,
				D41945F02D6CDC8E004E0F9D /* APIdemo2Tests.xctest */,
				D41945FA2D6CDC8E004E0F9D /* APIdemo2UITests.xctest */,
			);
			name = Products;
			sourceTree = "<group>";
		};
/* End PBXGroup section */

/* Begin PBXNativeTarget section */
		D41945DF2D6CDC8C004E0F9D /* APIdemo2 */ = {
			isa = PBXNativeTarget;
			buildConfigurationList = D41946042D6CDC8E004E0F9D /* Build configuration list for PBXNativeTarget "APIdemo2" */;
			buildPhases = (
				D41945DC2D6CDC8C004E0F9D /* Sources */,
				D41945DD2D6CDC8C004E0F9D /* Frameworks */,
				D41945DE2D6CDC8C004E0F9D /* Resources */,
			);
			buildRules = (
			);
			dependencies = (
			);
			fileSystemSynchronizedGroups = (
				D41945E22D6CDC8C004E0F9D /* APIdemo2 */,
			);
			name = APIdemo2;
			packageProductDependencies = (
			);
			productName = APIdemo2;
			productReference = D41945E02D6CDC8C004E0F9D /* APIdemo2.app */;
			productType = "com.apple.product-type.application";
		};
		D41945EF2D6CDC8E004E0F9D /* APIdemo2Tests */ = {
			isa = PBXNativeTarget;
			buildConfigurationList = D41946072D6CDC8E004E0F9D /* Build configuration list for PBXNativeTarget "APIdemo2Tests" */;
			buildPhases = (
				D41945EC2D6CDC8E004E0F9D /* Sources */,
				D41945ED2D6CDC8E004E0F9D /* Frameworks */,
				D41945EE2D6CDC8E004E0F9D /* Resources */,
			);
			buildRules = (
			);
			dependencies = (
				D41945F22D6CDC8E004E0F9D /* PBXTargetDependency */,
			);
			fileSystemSynchronizedGroups = (
				D41945F32D6CDC8E004E0F9D /* APIdemo2Tests */,
			);
			name = APIdemo2Tests;
			packageProductDependencies = (
			);
			productName = APIdemo2Tests;
			productReference = D41945F02D6CDC8E004E0F9D /* APIdemo2Tests.xctest */;
			productType = "com.apple.product-type.bundle.unit-test";
		};
		D41945F92D6CDC8E004E0F9D /* APIdemo2UITests */ = {
			isa = PBXNativeTarget;
			buildConfigurationList = D419460A2D6CDC8E004E0F9D /* Build configuration list for PBXNativeTarget "APIdemo2UITests" */;
			buildPhases = (
				D41945F62D6CDC8E004E0F9D /* Sources */,
				D41945F72D6CDC8E004E0F9D /* Frameworks */,
				D41945F82D6CDC8E004E0F9D /* Resources */,
			);
			buildRules = (
			);
			dependencies = (
				D41945FC2D6CDC8E004E0F9D /* PBXTargetDependency */,
			);
			fileSystemSynchronizedGroups = (
				D41945FD2D6CDC8E004E0F9D /* APIdemo2UITests */,
			);
			name = APIdemo2UITests;
			packageProductDependencies = (
			);
			productName = APIdemo2UITests;
			productReference = D41945FA2D6CDC8E004E0F9D /* APIdemo2UITests.xctest */;
			productType = "com.apple.product-type.bundle.ui-testing";
		};
/* End PBXNativeTarget section */

/* Begin PBXProject section */
		D41945D82D6CDC8C004E0F9D /* Project object */ = {
			isa = PBXProject;
			attributes = {
				BuildIndependentTargetsInParallel = 1;
				LastSwiftUpdateCheck = 1620;
				LastUpgradeCheck = 1620;
				TargetAttributes = {
					D41945DF2D6CDC8C004E0F9D = {
						CreatedOnToolsVersion = 16.2;
					};
					D41945EF2D6CDC8E004E0F9D = {
						CreatedOnToolsVersion = 16.2;
						TestTargetID = D41945DF2D6CDC8C004E0F9D;
					};
					D41945F92D6CDC8E004E0F9D = {
						CreatedOnToolsVersion = 16.2;
						TestTargetID = D41945DF2D6CDC8C004E0F9D;
					};
				};
			};
			buildConfigurationList = D41945DB2D6CDC8C004E0F9D /* Build configuration list for PBXProject "APIdemo2" */;
			developmentRegion = en;
			hasScannedForEncodings = 0;
			knownRegions = (
				en,
				Base,
			);
			mainGroup = D41945D72D6CDC8C004E0F9D;
			minimizedProjectReferenceProxies = 1;
			preferredProjectObjectVersion = 77;
			productRefGroup = D41945E12D6CDC8C004E0F9D /* Products */;
			projectDirPath = "";
			projectRoot = "";
			targets = (
				D41945DF2D6CDC8C004E0F9D /* APIdemo2 */,
				D41945EF2D6CDC8E004E0F9D /* APIdemo2Tests */,
				D41945F92D6CDC8E004E0F9D /* APIdemo2UITests */,
			);
		};
/* End PBXProject section */

/* Begin PBXResourcesBuildPhase section */
		D41945DE2D6CDC8C004E0F9D /* Resources */ = {
			isa = PBXResourcesBuildPhase;
			buildActionMask = 2147483647;
			files = (
			);
			runOnlyForDeploymentPostprocessing = 0;
		};
		D41945EE2D6CDC8E004E0F9D /* Resources */ = {
			isa = PBXResourcesBuildPhase;
			buildActionMask = 2147483647;
			files = (
			);
			runOnlyForDeploymentPostprocessing = 0;
		};
		D41945F82D6CDC8E004E0F9D /* Resources */ = {
			isa = PBXResourcesBuildPhase;
			buildActionMask = 2147483647;
			files = (
			);
			runOnlyForDeploymentPostprocessing = 0;
		};
/* End PBXResourcesBuildPhase section */

/* Begin PBXSourcesBuildPhase section */
		D41945DC2D6CDC8C004E0F9D /* Sources */ = {
			isa = PBXSourcesBuildPhase;
			buildActionMask = 2147483647;
			files = (
			);
			runOnlyForDeploymentPostprocessing = 0;
		};
		D41945EC2D6CDC8E004E0F9D /* Sources */ = {
			isa = PBXSourcesBuildPhase;
			buildActionMask = 2147483647;
			files = (
			);
			runOnlyForDeploymentPostprocessing = 0;
		};
		D41945F62D6CDC8E004E0F9D /* Sources */ = {
			isa = PBXSourcesBuildPhase;
			buildActionMask = 2147483647;
			files = (
			);
			runOnlyForDeploymentPostprocessing = 0;
		};
/* End PBXSourcesBuildPhase section */

/* Begin PBXTargetDependency section */
		D41945F22D6CDC8E004E0F9D /* PBXTargetDependency */ = {
			isa = PBXTargetDependency;
			target = D41945DF2D6CDC8C004E0F9D /* APIdemo2 */;
			targetProxy = D41945F12D6CDC8E004E0F9D /* PBXContainerItemProxy */;
		};
		D41945FC2D6CDC8E004E0F9D /* PBXTargetDependency */ = {
			isa = PBXTargetDependency;
			target = D41945DF2D6CDC8C004E0F9D /* APIdemo2 */;
			targetProxy = D41945FB2D6CDC8E004E0F9D /* PBXContainerItemProxy */;
		};
/* End PBXTargetDependency section */

/* Begin XCBuildConfiguration section */
		D41946022D6CDC8E004E0F9D /* Debug */ = {
			isa = XCBuildConfiguration;
			buildSettings = {
				ALWAYS_SEARCH_USER_PATHS = NO;
				ASSETCATALOG_COMPILER_GENERATE_SWIFT_ASSET_SYMBOL_EXTENSIONS = YES;
				CLANG_ANALYZER_NONNULL = YES;
				CLANG_ANALYZER_NUMBER_OBJECT_CONVERSION = YES_AGGRESSIVE;
				CLANG_CXX_LANGUAGE_STANDARD = "gnu++20";
				CLANG_ENABLE_MODULES = YES;
				CLANG_ENABLE_OBJC_ARC = YES;
				CLANG_ENABLE_OBJC_WEAK = YES;
				CLANG_WARN_BLOCK_CAPTURE_AUTORELEASING = YES;
				CLANG_WARN_BOOL_CONVERSION = YES;
				CLANG_WARN_COMMA = YES;
				CLANG_WARN_CONSTANT_CONVERSION = YES;
				CLANG_WARN_DEPRECATED_OBJC_IMPLEMENTATIONS = YES;
				CLANG_WARN_DIRECT_OBJC_ISA_USAGE = YES_ERROR;
				CLANG_WARN_DOCUMENTATION_COMMENTS = YES;
				CLANG_WARN_EMPTY_BODY = YES;
				CLANG_WARN_ENUM_CONVERSION = YES;
				CLANG_WARN_INFINITE_RECURSION = YES;
				CLANG_WARN_INT_CONVERSION = YES;
				CLANG_WARN_NON_LITERAL_NULL_CONVERSION = YES;
				CLANG_WARN_OBJC_IMPLICIT_RETAIN_SELF = YES;
				CLANG_WARN_OBJC_LITERAL_CONVERSION = YES;
				CLANG_WARN_OBJC_ROOT_CLASS = YES_ERROR;
				CLANG_WARN_QUOTED_INCLUDE_IN_FRAMEWORK_HEADER = YES;
				CLANG_WARN_RANGE_LOOP_ANALYSIS = YES;
				CLANG_WARN_STRICT_PROTOTYPES = YES;
				CLANG_WARN_SUSPICIOUS_MOVE = YES;
				CLANG_WARN_UNGUARDED_AVAILABILITY = YES_AGGRESSIVE;
				CLANG_WARN_UNREACHABLE_CODE = YES;
				CLANG_WARN__DUPLICATE_METHOD_MATCH = YES;
				COPY_PHASE_STRIP = NO;
				DEBUG_INFORMATION_FORMAT = dwarf;
				ENABLE_STRICT_OBJC_MSGSEND = YES;
				ENABLE_TESTABILITY = YES;
				ENABLE_USER_SCRIPT_SANDBOXING = YES;
				GCC_C_LANGUAGE_STANDARD = gnu17;
				GCC_DYNAMIC_NO_PIC = NO;
				GCC_NO_COMMON_BLOCKS = YES;
				GCC_OPTIMIZATION_LEVEL = 0;
				GCC_PREPROCESSOR_DEFINITIONS = (
					"DEBUG=1",
					"$(inherited)",
				);
				GCC_WARN_64_TO_32_BIT_CONVERSION = YES;
				GCC_WARN_ABOUT_RETURN_TYPE = YES_ERROR;
				GCC_WARN_UNDECLARED_SELECTOR = YES;
				GCC_WARN_UNINITIALIZED_AUTOS = YES_AGGRESSIVE;
				GCC_WARN_UNUSED_FUNCTION = YES;
				GCC_WARN_UNUSED_VARIABLE = YES;
				IPHONEOS_DEPLOYMENT_TARGET = 18.2;
				LOCALIZATION_PREFERS_STRING_CATALOGS = YES;
				MTL_ENABLE_DEBUG_INFO = INCLUDE_SOURCE;
				MTL_FAST_MATH = YES;
				ONLY_ACTIVE_ARCH = YES;
				SDKROOT = iphoneos;
				SWIFT_ACTIVE_COMPILATION_CONDITIONS = "DEBUG $(inherited)";
				SWIFT_OPTIMIZATION_LEVEL = "-Onone";
			};
			name = Debug;
		};
		D41946032D6CDC8E004E0F9D /* Release */ = {
			isa = XCBuildConfiguration;
			buildSettings = {
				ALWAYS_SEARCH_USER_PATHS = NO;
				ASSETCATALOG_COMPILER_GENERATE_SWIFT_ASSET_SYMBOL_EXTENSIONS = YES;
				CLANG_ANALYZER_NONNULL = YES;
				CLANG_ANALYZER_NUMBER_OBJECT_CONVERSION = YES_AGGRESSIVE;
				CLANG_CXX_LANGUAGE_STANDARD = "gnu++20";
				CLANG_ENABLE_MODULES = YES;
				CLANG_ENABLE_OBJC_ARC = YES;
				CLANG_ENABLE_OBJC_WEAK = YES;
				CLANG_WARN_BLOCK_CAPTURE_AUTORELEASING = YES;
				CLANG_WARN_BOOL_CONVERSION = YES;
				CLANG_WARN_COMMA = YES;
				CLANG_WARN_CONSTANT_CONVERSION = YES;
				CLANG_WARN_DEPRECATED_OBJC_IMPLEMENTATIONS = YES;
				CLANG_WARN_DIRECT_OBJC_ISA_USAGE = YES_ERROR;
				CLANG_WARN_DOCUMENTATION_COMMENTS = YES;
				CLANG_WARN_EMPTY_BODY = YES;
				CLANG_WARN_ENUM_CONVERSION = YES;
				CLANG_WARN_INFINITE_RECURSION = YES;
				CLANG_WARN_INT_CONVERSION = YES;
				CLANG_WARN_NON_LITERAL_NULL_CONVERSION = YES;
				CLANG_WARN_OBJC_IMPLICIT_RETAIN_SELF = YES;
				CLANG_WARN_OBJC_LITERAL_CONVERSION = YES;
				CLANG_WARN_OBJC_ROOT_CLASS = YES_ERROR;
				CLANG_WARN_QUOTED_INCLUDE_IN_FRAMEWORK_HEADER = YES;
				CLANG_WARN_RANGE_LOOP_ANALYSIS = YES;
				CLANG_WARN_STRICT_PROTOTYPES = YES;
				CLANG_WARN_SUSPICIOUS_MOVE = YES;
				CLANG_WARN_UNGUARDED_AVAILABILITY = YES_AGGRESSIVE;
				CLANG_WARN_UNREACHABLE_CODE = YES;
				CLANG_WARN__DUPLICATE_METHOD_MATCH = YES;
				COPY_PHASE_STRIP = NO;
				DEBUG_INFORMATION_FORMAT = "dwarf-with-dsym";
				ENABLE_NS_ASSERTIONS = NO;
				ENABLE_STRICT_OBJC_MSGSEND = YES;
				ENABLE_USER_SCRIPT_SANDBOXING = YES;
				GCC_C_LANGUAGE_STANDARD = gnu17;
				GCC_NO_COMMON_BLOCKS = YES;
				GCC_WARN_64_TO_32_BIT_CONVERSION = YES;
				GCC_WARN_ABOUT_RETURN_TYPE = YES_ERROR;
				GCC_WARN_UNDECLARED_SELECTOR = YES;
				GCC_WARN_UNINITIALIZED_AUTOS = YES_AGGRESSIVE;
				GCC_WARN_UNUSED_FUNCTION = YES;
				GCC_WARN_UNUSED_VARIABLE = YES;
				IPHONEOS_DEPLOYMENT_TARGET = 18.2;
				LOCALIZATION_PREFERS_STRING_CATALOGS = YES;
				MTL_ENABLE_DEBUG_INFO = NO;
				MTL_FAST_MATH = YES;
				SDKROOT = iphoneos;
				SWIFT_COMPILATION_MODE = wholemodule;
				VALIDATE_PRODUCT = YES;
			};
			name = Release;
		};
		D41946052D6CDC8E004E0F9D /* Debug */ = {
			isa = XCBuildConfiguration;
			buildSettings = {
				ASSETCATALOG_COMPILER_APPICON_NAME = AppIcon;
				ASSETCATALOG_COMPILER_GLOBAL_ACCENT_COLOR_NAME = AccentColor;
				CODE_SIGN_STYLE = Automatic;
				CURRENT_PROJECT_VERSION = 1;
				DEVELOPMENT_ASSET_PATHS = "\"APIdemo2/Preview Content\"";
				ENABLE_PREVIEWS = YES;
				GENERATE_INFOPLIST_FILE = YES;
				INFOPLIST_KEY_UIApplicationSceneManifest_Generation = YES;
				INFOPLIST_KEY_UIApplicationSupportsIndirectInputEvents = YES;
				INFOPLIST_KEY_UILaunchScreen_Generation = YES;
				INFOPLIST_KEY_UISupportedInterfaceOrientations_iPad = "UIInterfaceOrientationPortrait UIInterfaceOrientationPortraitUpsideDown UIInterfaceOrientationLandscapeLeft UIInterfaceOrientationLandscapeRight";
				INFOPLIST_KEY_UISupportedInterfaceOrientations_iPhone = "UIInterfaceOrientationPortrait UIInterfaceOrientationLandscapeLeft UIInterfaceOrientationLandscapeRight";
				LD_RUNPATH_SEARCH_PATHS = (
					"$(inherited)",
					"@executable_path/Frameworks",
				);
				MARKETING_VERSION = 1.0;
				PRODUCT_BUNDLE_IDENTIFIER = xyz.tung.patrick.APIdemo2;
				PRODUCT_NAME = "$(TARGET_NAME)";
				SWIFT_EMIT_LOC_STRINGS = YES;
				SWIFT_VERSION = 5.0;
				TARGETED_DEVICE_FAMILY = "1,2";
			};
			name = Debug;
		};
		D41946062D6CDC8E004E0F9D /* Release */ = {
			isa = XCBuildConfiguration;
			buildSettings = {
				ASSETCATALOG_COMPILER_APPICON_NAME = AppIcon;
				ASSETCATALOG_COMPILER_GLOBAL_ACCENT_COLOR_NAME = AccentColor;
				CODE_SIGN_STYLE = Automatic;
				CURRENT_PROJECT_VERSION = 1;
				DEVELOPMENT_ASSET_PATHS = "\"APIdemo2/Preview Content\"";
				ENABLE_PREVIEWS = YES;
				GENERATE_INFOPLIST_FILE = YES;
				INFOPLIST_KEY_UIApplicationSceneManifest_Generation = YES;
				INFOPLIST_KEY_UIApplicationSupportsIndirectInputEvents = YES;
				INFOPLIST_KEY_UILaunchScreen_Generation = YES;
				INFOPLIST_KEY_UISupportedInterfaceOrientations_iPad = "UIInterfaceOrientationPortrait UIInterfaceOrientationPortraitUpsideDown UIInterfaceOrientationLandscapeLeft UIInterfaceOrientationLandscapeRight";
				INFOPLIST_KEY_UISupportedInterfaceOrientations_iPhone = "UIInterfaceOrientationPortrait UIInterfaceOrientationLandscapeLeft UIInterfaceOrientationLandscapeRight";
				LD_RUNPATH_SEARCH_PATHS = (
					"$(inherited)",
					"@executable_path/Frameworks",
				);
				MARKETING_VERSION = 1.0;
				PRODUCT_BUNDLE_IDENTIFIER = xyz.tung.patrick.APIdemo2;
				PRODUCT_NAME = "$(TARGET_NAME)";
				SWIFT_EMIT_LOC_STRINGS = YES;
				SWIFT_VERSION = 5.0;
				TARGETED_DEVICE_FAMILY = "1,2";
			};
			name = Release;
		};
		D41946082D6CDC8E004E0F9D /* Debug */ = {
			isa = XCBuildConfiguration;
			buildSettings = {
				BUNDLE_LOADER = "$(TEST_HOST)";
				CODE_SIGN_STYLE = Automatic;
				CURRENT_PROJECT_VERSION = 1;
				GENERATE_INFOPLIST_FILE = YES;
				IPHONEOS_DEPLOYMENT_TARGET = 18.2;
				MARKETING_VERSION = 1.0;
				PRODUCT_BUNDLE_IDENTIFIER = xyz.tung.patrick.APIdemo2Tests;
				PRODUCT_NAME = "$(TARGET_NAME)";
				SWIFT_EMIT_LOC_STRINGS = NO;
				SWIFT_VERSION = 5.0;
				TARGETED_DEVICE_FAMILY = "1,2";
				TEST_HOST = "$(BUILT_PRODUCTS_DIR)/APIdemo2.app/$(BUNDLE_EXECUTABLE_FOLDER_PATH)/APIdemo2";
			};
			name = Debug;
		};
		D41946092D6CDC8E004E0F9D /* Release */ = {
			isa = XCBuildConfiguration;
			buildSettings = {
				BUNDLE_LOADER = "$(TEST_HOST)";
				CODE_SIGN_STYLE = Automatic;
				CURRENT_PROJECT_VERSION = 1;
				GENERATE_INFOPLIST_FILE = YES;
				IPHONEOS_DEPLOYMENT_TARGET = 18.2;
				MARKETING_VERSION = 1.0;
				PRODUCT_BUNDLE_IDENTIFIER = xyz.tung.patrick.APIdemo2Tests;
				PRODUCT_NAME = "$(TARGET_NAME)";
				SWIFT_EMIT_LOC_STRINGS = NO;
				SWIFT_VERSION = 5.0;
				TARGETED_DEVICE_FAMILY = "1,2";
				TEST_HOST = "$(BUILT_PRODUCTS_DIR)/APIdemo2.app/$(BUNDLE_EXECUTABLE_FOLDER_PATH)/APIdemo2";
			};
			name = Release;
		};
		D419460B2D6CDC8E004E0F9D /* Debug */ = {
			isa = XCBuildConfiguration;
			buildSettings = {
				CODE_SIGN_STYLE = Automatic;
				CURRENT_PROJECT_VERSION = 1;
				GENERATE_INFOPLIST_FILE = YES;
				MARKETING_VERSION = 1.0;
				PRODUCT_BUNDLE_IDENTIFIER = xyz.tung.patrick.APIdemo2UITests;
				PRODUCT_NAME = "$(TARGET_NAME)";
				SWIFT_EMIT_LOC_STRINGS = NO;
				SWIFT_VERSION = 5.0;
				TARGETED_DEVICE_FAMILY = "1,2";
				TEST_TARGET_NAME = APIdemo2;
			};
			name = Debug;
		};
		D419460C2D6CDC8E004E0F9D /* Release */ = {
			isa = XCBuildConfiguration;
			buildSettings = {
				CODE_SIGN_STYLE = Automatic;
				CURRENT_PROJECT_VERSION = 1;
				GENERATE_INFOPLIST_FILE = YES;
				MARKETING_VERSION = 1.0;
				PRODUCT_BUNDLE_IDENTIFIER = xyz.tung.patrick.APIdemo2UITests;
				PRODUCT_NAME = "$(TARGET_NAME)";
				SWIFT_EMIT_LOC_STRINGS = NO;
				SWIFT_VERSION = 5.0;
				TARGETED_DEVICE_FAMILY = "1,2";
				TEST_TARGET_NAME = APIdemo2;
			};
			name = Release;
		};
/* End XCBuildConfiguration section */

/* Begin XCConfigurationList section */
		D41945DB2D6CDC8C004E0F9D /* Build configuration list for PBXProject "APIdemo2" */ = {
			isa = XCConfigurationList;
			buildConfigurations = (
				D41946022D6CDC8E004E0F9D /* Debug */,
				D41946032D6CDC8E004E0F9D /* Release */,
			);
			defaultConfigurationIsVisible = 0;
			defaultConfigurationName = Release;
		};
		D41946042D6CDC8E004E0F9D /* Build configuration list for PBXNativeTarget "APIdemo2" */ = {
			isa = XCConfigurationList;
			buildConfigurations = (
				D41946052D6CDC8E004E0F9D /* Debug */,
				D41946062D6CDC8E004E0F9D /* Release */,
			);
			defaultConfigurationIsVisible = 0;
			defaultConfigurationName = Release;
		};
		D41946072D6CDC8E004E0F9D /* Build configuration list for PBXNativeTarget "APIdemo2Tests" */ = {
			isa = XCConfigurationList;
			buildConfigurations = (
				D41946082D6CDC8E004E0F9D /* Debug */,
				D41946092D6CDC8E004E0F9D /* Release */,
			);
			defaultConfigurationIsVisible = 0;
			defaultConfigurationName = Release;
		};
		D419460A2D6CDC8E004E0F9D /* Build configuration list for PBXNativeTarget "APIdemo2UITests" */ = {
			isa = XCConfigurationList;
			buildConfigurations = (
				D419460B2D6CDC8E004E0F9D /* Debug */,
				D419460C2D6CDC8E004E0F9D /* Release */,
			);
			defaultConfigurationIsVisible = 0;
			defaultConfigurationName = Release;
		};
/* End XCConfigurationList section */
	};
	rootObject = D41945D82D6CDC8C004E0F9D /* Project object */;
}
