// !$*UTF8*$!
{
	archiveVersion = 1;
	classes = {
	};
	objectVersion = 77;
	objects = {

/* Begin PBXContainerItemProxy section */
		D4F31E9D2D80DD63007D8D7E /* PBXContainerItemProxy */ = {
			isa = PBXContainerItemProxy;
			containerPortal = D4F31E7E2D80DD61007D8D7E /* Project object */;
			proxyType = 1;
			remoteGlobalIDString = D4F31E852D80DD61007D8D7E;
			remoteInfo = UIKitMVVMCdemo;
		};
		D4F31EA72D80DD63007D8D7E /* PBXContainerItemProxy */ = {
			isa = PBXContainerItemProxy;
			containerPortal = D4F31E7E2D80DD61007D8D7E /* Project object */;
			proxyType = 1;
			remoteGlobalIDString = D4F31E852D80DD61007D8D7E;
			remoteInfo = UIKitMVVMCdemo;
		};
/* End PBXContainerItemProxy section */

/* Begin PBXFileReference section */
		D4F31E862D80DD61007D8D7E /* UIKitMVVMCdemo.app */ = {isa = PBXFileReference; explicitFileType = wrapper.application; includeInIndex = 0; path = UIKitMVVMCdemo.app; sourceTree = BUILT_PRODUCTS_DIR; };
		D4F31E9C2D80DD63007D8D7E /* UIKitMVVMCdemoTests.xctest */ = {isa = PBXFileReference; explicitFileType = wrapper.cfbundle; includeInIndex = 0; path = UIKitMVVMCdemoTests.xctest; sourceTree = BUILT_PRODUCTS_DIR; };
		D4F31EA62D80DD63007D8D7E /* UIKitMVVMCdemoUITests.xctest */ = {isa = PBXFileReference; explicitFileType = wrapper.cfbundle; includeInIndex = 0; path = UIKitMVVMCdemoUITests.xctest; sourceTree = BUILT_PRODUCTS_DIR; };
/* End PBXFileReference section */

/* Begin PBXFileSystemSynchronizedBuildFileExceptionSet section */
		D4F31EAE2D80DD63007D8D7E /* Exceptions for "UIKitMVVMCdemo" folder in "UIKitMVVMCdemo" target */ = {
			isa = PBXFileSystemSynchronizedBuildFileExceptionSet;
			membershipExceptions = (
				Info.plist,
			);
			target = D4F31E852D80DD61007D8D7E /* UIKitMVVMCdemo */;
		};
/* End PBXFileSystemSynchronizedBuildFileExceptionSet section */

/* Begin PBXFileSystemSynchronizedRootGroup section */
		D4F31E882D80DD61007D8D7E /* UIKitMVVMCdemo */ = {
			isa = PBXFileSystemSynchronizedRootGroup;
			exceptions = (
				D4F31EAE2D80DD63007D8D7E /* Exceptions for "UIKitMVVMCdemo" folder in "UIKitMVVMCdemo" target */,
			);
			path = UIKitMVVMCdemo;
			sourceTree = "<group>";
		};
		D4F31E9F2D80DD63007D8D7E /* UIKitMVVMCdemoTests */ = {
			isa = PBXFileSystemSynchronizedRootGroup;
			path = UIKitMVVMCdemoTests;
			sourceTree = "<group>";
		};
		D4F31EA92D80DD63007D8D7E /* UIKitMVVMCdemoUITests */ = {
			isa = PBXFileSystemSynchronizedRootGroup;
			path = UIKitMVVMCdemoUITests;
			sourceTree = "<group>";
		};
/* End PBXFileSystemSynchronizedRootGroup section */

/* Begin PBXFrameworksBuildPhase section */
		D4F31E832D80DD61007D8D7E /* Frameworks */ = {
			isa = PBXFrameworksBuildPhase;
			buildActionMask = 2147483647;
			files = (
			);
			runOnlyForDeploymentPostprocessing = 0;
		};
		D4F31E992D80DD63007D8D7E /* Frameworks */ = {
			isa = PBXFrameworksBuildPhase;
			buildActionMask = 2147483647;
			files = (
			);
			runOnlyForDeploymentPostprocessing = 0;
		};
		D4F31EA32D80DD63007D8D7E /* Frameworks */ = {
			isa = PBXFrameworksBuildPhase;
			buildActionMask = 2147483647;
			files = (
			);
			runOnlyForDeploymentPostprocessing = 0;
		};
/* End PBXFrameworksBuildPhase section */

/* Begin PBXGroup section */
		D4F31E7D2D80DD61007D8D7E = {
			isa = PBXGroup;
			children = (
				D4F31E882D80DD61007D8D7E /* UIKitMVVMCdemo */,
				D4F31E9F2D80DD63007D8D7E /* UIKitMVVMCdemoTests */,
				D4F31EA92D80DD63007D8D7E /* UIKitMVVMCdemoUITests */,
				D4F31E872D80DD61007D8D7E /* Products */,
			);
			sourceTree = "<group>";
		};
		D4F31E872D80DD61007D8D7E /* Products */ = {
			isa = PBXGroup;
			children = (
				D4F31E862D80DD61007D8D7E /* UIKitMVVMCdemo.app */,
				D4F31E9C2D80DD63007D8D7E /* UIKitMVVMCdemoTests.xctest */,
				D4F31EA62D80DD63007D8D7E /* UIKitMVVMCdemoUITests.xctest */,
			);
			name = Products;
			sourceTree = "<group>";
		};
/* End PBXGroup section */

/* Begin PBXNativeTarget section */
		D4F31E852D80DD61007D8D7E /* UIKitMVVMCdemo */ = {
			isa = PBXNativeTarget;
			buildConfigurationList = D4F31EAF2D80DD63007D8D7E /* Build configuration list for PBXNativeTarget "UIKitMVVMCdemo" */;
			buildPhases = (
				D4F31E822D80DD61007D8D7E /* Sources */,
				D4F31E832D80DD61007D8D7E /* Frameworks */,
				D4F31E842D80DD61007D8D7E /* Resources */,
			);
			buildRules = (
			);
			dependencies = (
			);
			fileSystemSynchronizedGroups = (
				D4F31E882D80DD61007D8D7E /* UIKitMVVMCdemo */,
			);
			name = UIKitMVVMCdemo;
			packageProductDependencies = (
			);
			productName = UIKitMVVMCdemo;
			productReference = D4F31E862D80DD61007D8D7E /* UIKitMVVMCdemo.app */;
			productType = "com.apple.product-type.application";
		};
		D4F31E9B2D80DD63007D8D7E /* UIKitMVVMCdemoTests */ = {
			isa = PBXNativeTarget;
			buildConfigurationList = D4F31EB42D80DD63007D8D7E /* Build configuration list for PBXNativeTarget "UIKitMVVMCdemoTests" */;
			buildPhases = (
				D4F31E982D80DD63007D8D7E /* Sources */,
				D4F31E992D80DD63007D8D7E /* Frameworks */,
				D4F31E9A2D80DD63007D8D7E /* Resources */,
			);
			buildRules = (
			);
			dependencies = (
				D4F31E9E2D80DD63007D8D7E /* PBXTargetDependency */,
			);
			fileSystemSynchronizedGroups = (
				D4F31E9F2D80DD63007D8D7E /* UIKitMVVMCdemoTests */,
			);
			name = UIKitMVVMCdemoTests;
			packageProductDependencies = (
			);
			productName = UIKitMVVMCdemoTests;
			productReference = D4F31E9C2D80DD63007D8D7E /* UIKitMVVMCdemoTests.xctest */;
			productType = "com.apple.product-type.bundle.unit-test";
		};
		D4F31EA52D80DD63007D8D7E /* UIKitMVVMCdemoUITests */ = {
			isa = PBXNativeTarget;
			buildConfigurationList = D4F31EB72D80DD63007D8D7E /* Build configuration list for PBXNativeTarget "UIKitMVVMCdemoUITests" */;
			buildPhases = (
				D4F31EA22D80DD63007D8D7E /* Sources */,
				D4F31EA32D80DD63007D8D7E /* Frameworks */,
				D4F31EA42D80DD63007D8D7E /* Resources */,
			);
			buildRules = (
			);
			dependencies = (
				D4F31EA82D80DD63007D8D7E /* PBXTargetDependency */,
			);
			fileSystemSynchronizedGroups = (
				D4F31EA92D80DD63007D8D7E /* UIKitMVVMCdemoUITests */,
			);
			name = UIKitMVVMCdemoUITests;
			packageProductDependencies = (
			);
			productName = UIKitMVVMCdemoUITests;
			productReference = D4F31EA62D80DD63007D8D7E /* UIKitMVVMCdemoUITests.xctest */;
			productType = "com.apple.product-type.bundle.ui-testing";
		};
/* End PBXNativeTarget section */

/* Begin PBXProject section */
		D4F31E7E2D80DD61007D8D7E /* Project object */ = {
			isa = PBXProject;
			attributes = {
				BuildIndependentTargetsInParallel = 1;
				LastSwiftUpdateCheck = 1620;
				LastUpgradeCheck = 1620;
				TargetAttributes = {
					D4F31E852D80DD61007D8D7E = {
						CreatedOnToolsVersion = 16.2;
					};
					D4F31E9B2D80DD63007D8D7E = {
						CreatedOnToolsVersion = 16.2;
						TestTargetID = D4F31E852D80DD61007D8D7E;
					};
					D4F31EA52D80DD63007D8D7E = {
						CreatedOnToolsVersion = 16.2;
						TestTargetID = D4F31E852D80DD61007D8D7E;
					};
				};
			};
			buildConfigurationList = D4F31E812D80DD61007D8D7E /* Build configuration list for PBXProject "UIKitMVVMCdemo" */;
			developmentRegion = en;
			hasScannedForEncodings = 0;
			knownRegions = (
				en,
				Base,
				fr,
			);
			mainGroup = D4F31E7D2D80DD61007D8D7E;
			minimizedProjectReferenceProxies = 1;
			preferredProjectObjectVersion = 77;
			productRefGroup = D4F31E872D80DD61007D8D7E /* Products */;
			projectDirPath = "";
			projectRoot = "";
			targets = (
				D4F31E852D80DD61007D8D7E /* UIKitMVVMCdemo */,
				D4F31E9B2D80DD63007D8D7E /* UIKitMVVMCdemoTests */,
				D4F31EA52D80DD63007D8D7E /* UIKitMVVMCdemoUITests */,
			);
		};
/* End PBXProject section */

/* Begin PBXResourcesBuildPhase section */
		D4F31E842D80DD61007D8D7E /* Resources */ = {
			isa = PBXResourcesBuildPhase;
			buildActionMask = 2147483647;
			files = (
			);
			runOnlyForDeploymentPostprocessing = 0;
		};
		D4F31E9A2D80DD63007D8D7E /* Resources */ = {
			isa = PBXResourcesBuildPhase;
			buildActionMask = 2147483647;
			files = (
			);
			runOnlyForDeploymentPostprocessing = 0;
		};
		D4F31EA42D80DD63007D8D7E /* Resources */ = {
			isa = PBXResourcesBuildPhase;
			buildActionMask = 2147483647;
			files = (
			);
			runOnlyForDeploymentPostprocessing = 0;
		};
/* End PBXResourcesBuildPhase section */

/* Begin PBXSourcesBuildPhase section */
		D4F31E822D80DD61007D8D7E /* Sources */ = {
			isa = PBXSourcesBuildPhase;
			buildActionMask = 2147483647;
			files = (
			);
			runOnlyForDeploymentPostprocessing = 0;
		};
		D4F31E982D80DD63007D8D7E /* Sources */ = {
			isa = PBXSourcesBuildPhase;
			buildActionMask = 2147483647;
			files = (
			);
			runOnlyForDeploymentPostprocessing = 0;
		};
		D4F31EA22D80DD63007D8D7E /* Sources */ = {
			isa = PBXSourcesBuildPhase;
			buildActionMask = 2147483647;
			files = (
			);
			runOnlyForDeploymentPostprocessing = 0;
		};
/* End PBXSourcesBuildPhase section */

/* Begin PBXTargetDependency section */
		D4F31E9E2D80DD63007D8D7E /* PBXTargetDependency */ = {
			isa = PBXTargetDependency;
			target = D4F31E852D80DD61007D8D7E /* UIKitMVVMCdemo */;
			targetProxy = D4F31E9D2D80DD63007D8D7E /* PBXContainerItemProxy */;
		};
		D4F31EA82D80DD63007D8D7E /* PBXTargetDependency */ = {
			isa = PBXTargetDependency;
			target = D4F31E852D80DD61007D8D7E /* UIKitMVVMCdemo */;
			targetProxy = D4F31EA72D80DD63007D8D7E /* PBXContainerItemProxy */;
		};
/* End PBXTargetDependency section */

/* Begin XCBuildConfiguration section */
		D4F31EB02D80DD63007D8D7E /* Debug */ = {
			isa = XCBuildConfiguration;
			buildSettings = {
				ASSETCATALOG_COMPILER_APPICON_NAME = AppIcon;
				ASSETCATALOG_COMPILER_GLOBAL_ACCENT_COLOR_NAME = AccentColor;
				CODE_SIGN_STYLE = Automatic;
				CURRENT_PROJECT_VERSION = 1;
				GENERATE_INFOPLIST_FILE = YES;
				INFOPLIST_FILE = UIKitMVVMCdemo/Info.plist;
				INFOPLIST_KEY_UIApplicationSupportsIndirectInputEvents = YES;
				INFOPLIST_KEY_UILaunchStoryboardName = LaunchScreen;
				INFOPLIST_KEY_UIMainStoryboardFile = Main;
				INFOPLIST_KEY_UISupportedInterfaceOrientations_iPad = "UIInterfaceOrientationPortrait UIInterfaceOrientationPortraitUpsideDown UIInterfaceOrientationLandscapeLeft UIInterfaceOrientationLandscapeRight";
				INFOPLIST_KEY_UISupportedInterfaceOrientations_iPhone = "UIInterfaceOrientationPortrait UIInterfaceOrientationLandscapeLeft UIInterfaceOrientationLandscapeRight";
				LD_RUNPATH_SEARCH_PATHS = (
					"$(inherited)",
					"@executable_path/Frameworks",
				);
				MARKETING_VERSION = 1.0;
				PRODUCT_BUNDLE_IDENTIFIER = xyz.tung.patrick.UIKitMVVMCdemo;
				PRODUCT_NAME = "$(TARGET_NAME)";
				SWIFT_EMIT_LOC_STRINGS = YES;
				SWIFT_VERSION = 5.0;
				TARGETED_DEVICE_FAMILY = "1,2";
			};
			name = Debug;
		};
		D4F31EB12D80DD63007D8D7E /* Release */ = {
			isa = XCBuildConfiguration;
			buildSettings = {
				ASSETCATALOG_COMPILER_APPICON_NAME = AppIcon;
				ASSETCATALOG_COMPILER_GLOBAL_ACCENT_COLOR_NAME = AccentColor;
				CODE_SIGN_STYLE = Automatic;
				CURRENT_PROJECT_VERSION = 1;
				GENERATE_INFOPLIST_FILE = YES;
				INFOPLIST_FILE = UIKitMVVMCdemo/Info.plist;
				INFOPLIST_KEY_UIApplicationSupportsIndirectInputEvents = YES;
				INFOPLIST_KEY_UILaunchStoryboardName = LaunchScreen;
				INFOPLIST_KEY_UIMainStoryboardFile = Main;
				INFOPLIST_KEY_UISupportedInterfaceOrientations_iPad = "UIInterfaceOrientationPortrait UIInterfaceOrientationPortraitUpsideDown UIInterfaceOrientationLandscapeLeft UIInterfaceOrientationLandscapeRight";
				INFOPLIST_KEY_UISupportedInterfaceOrientations_iPhone = "UIInterfaceOrientationPortrait UIInterfaceOrientationLandscapeLeft UIInterfaceOrientationLandscapeRight";
				LD_RUNPATH_SEARCH_PATHS = (
					"$(inherited)",
					"@executable_path/Frameworks",
				);
				MARKETING_VERSION = 1.0;
				PRODUCT_BUNDLE_IDENTIFIER = xyz.tung.patrick.UIKitMVVMCdemo;
				PRODUCT_NAME = "$(TARGET_NAME)";
				SWIFT_EMIT_LOC_STRINGS = YES;
				SWIFT_VERSION = 5.0;
				TARGETED_DEVICE_FAMILY = "1,2";
			};
			name = Release;
		};
		D4F31EB22D80DD63007D8D7E /* Debug */ = {
			isa = XCBuildConfiguration;
			buildSettings = {
				ALWAYS_SEARCH_USER_PATHS = NO;
				ASSETCATALOG_COMPILER_GENERATE_SWIFT_ASSET_SYMBOL_EXTENSIONS = YES;
				CLANG_ANALYZER_LOCALIZABILITY_NONLOCALIZED = YES;
				CLANG_ANALYZER_NONNULL = YES;
				CLANG_ANALYZER_NUMBER_OBJECT_CONVERSION = YES_AGGRESSIVE;
				CLANG_CXX_LANGUAGE_STANDARD = "gnu++20";
				CLANG_ENABLE_MODULES = YES;
				CLANG_ENABLE_OBJC_ARC = YES;
				CLANG_ENABLE_OBJC_WEAK = YES;
				CLANG_WARN_BLOCK_CAPTURE_AUTORELEASING = YES;
				CLANG_WARN_BOOL_CONVERSION = YES;
				CLANG_WARN_COMMA = YES;
				CLANG_WARN_CONSTANT_CONVERSION = YES;
				CLANG_WARN_DEPRECATED_OBJC_IMPLEMENTATIONS = YES;
				CLANG_WARN_DIRECT_OBJC_ISA_USAGE = YES_ERROR;
				CLANG_WARN_DOCUMENTATION_COMMENTS = YES;
				CLANG_WARN_EMPTY_BODY = YES;
				CLANG_WARN_ENUM_CONVERSION = YES;
				CLANG_WARN_INFINITE_RECURSION = YES;
				CLANG_WARN_INT_CONVERSION = YES;
				CLANG_WARN_NON_LITERAL_NULL_CONVERSION = YES;
				CLANG_WARN_OBJC_IMPLICIT_RETAIN_SELF = YES;
				CLANG_WARN_OBJC_LITERAL_CONVERSION = YES;
				CLANG_WARN_OBJC_ROOT_CLASS = YES_ERROR;
				CLANG_WARN_QUOTED_INCLUDE_IN_FRAMEWORK_HEADER = YES;
				CLANG_WARN_RANGE_LOOP_ANALYSIS = YES;
				CLANG_WARN_STRICT_PROTOTYPES = YES;
				CLANG_WARN_SUSPICIOUS_MOVE = YES;
				CLANG_WARN_UNGUARDED_AVAILABILITY = YES_AGGRESSIVE;
				CLANG_WARN_UNREACHABLE_CODE = YES;
				CLANG_WARN__DUPLICATE_METHOD_MATCH = YES;
				COPY_PHASE_STRIP = NO;
				DEBUG_INFORMATION_FORMAT = dwarf;
				ENABLE_STRICT_OBJC_MSGSEND = YES;
				ENABLE_TESTABILITY = YES;
				ENABLE_USER_SCRIPT_SANDBOXING = YES;
				GCC_C_LANGUAGE_STANDARD = gnu17;
				GCC_DYNAMIC_NO_PIC = NO;
				GCC_NO_COMMON_BLOCKS = YES;
				GCC_OPTIMIZATION_LEVEL = 0;
				GCC_PREPROCESSOR_DEFINITIONS = (
					"DEBUG=1",
					"$(inherited)",
				);
				GCC_WARN_64_TO_32_BIT_CONVERSION = YES;
				GCC_WARN_ABOUT_RETURN_TYPE = YES_ERROR;
				GCC_WARN_UNDECLARED_SELECTOR = YES;
				GCC_WARN_UNINITIALIZED_AUTOS = YES_AGGRESSIVE;
				GCC_WARN_UNUSED_FUNCTION = YES;
				GCC_WARN_UNUSED_VARIABLE = YES;
				IPHONEOS_DEPLOYMENT_TARGET = 18.2;
				LOCALIZATION_PREFERS_STRING_CATALOGS = YES;
				MTL_ENABLE_DEBUG_INFO = INCLUDE_SOURCE;
				MTL_FAST_MATH = YES;
				ONLY_ACTIVE_ARCH = YES;
				SDKROOT = iphoneos;
				SWIFT_ACTIVE_COMPILATION_CONDITIONS = "DEBUG $(inherited)";
				SWIFT_OPTIMIZATION_LEVEL = "-Onone";
			};
			name = Debug;
		};
		D4F31EB32D80DD63007D8D7E /* Release */ = {
			isa = XCBuildConfiguration;
			buildSettings = {
				ALWAYS_SEARCH_USER_PATHS = NO;
				ASSETCATALOG_COMPILER_GENERATE_SWIFT_ASSET_SYMBOL_EXTENSIONS = YES;
				CLANG_ANALYZER_LOCALIZABILITY_NONLOCALIZED = YES;
				CLANG_ANALYZER_NONNULL = YES;
				CLANG_ANALYZER_NUMBER_OBJECT_CONVERSION = YES_AGGRESSIVE;
				CLANG_CXX_LANGUAGE_STANDARD = "gnu++20";
				CLANG_ENABLE_MODULES = YES;
				CLANG_ENABLE_OBJC_ARC = YES;
				CLANG_ENABLE_OBJC_WEAK = YES;
				CLANG_WARN_BLOCK_CAPTURE_AUTORELEASING = YES;
				CLANG_WARN_BOOL_CONVERSION = YES;
				CLANG_WARN_COMMA = YES;
				CLANG_WARN_CONSTANT_CONVERSION = YES;
				CLANG_WARN_DEPRECATED_OBJC_IMPLEMENTATIONS = YES;
				CLANG_WARN_DIRECT_OBJC_ISA_USAGE = YES_ERROR;
				CLANG_WARN_DOCUMENTATION_COMMENTS = YES;
				CLANG_WARN_EMPTY_BODY = YES;
				CLANG_WARN_ENUM_CONVERSION = YES;
				CLANG_WARN_INFINITE_RECURSION = YES;
				CLANG_WARN_INT_CONVERSION = YES;
				CLANG_WARN_NON_LITERAL_NULL_CONVERSION = YES;
				CLANG_WARN_OBJC_IMPLICIT_RETAIN_SELF = YES;
				CLANG_WARN_OBJC_LITERAL_CONVERSION = YES;
				CLANG_WARN_OBJC_ROOT_CLASS = YES_ERROR;
				CLANG_WARN_QUOTED_INCLUDE_IN_FRAMEWORK_HEADER = YES;
				CLANG_WARN_RANGE_LOOP_ANALYSIS = YES;
				CLANG_WARN_STRICT_PROTOTYPES = YES;
				CLANG_WARN_SUSPICIOUS_MOVE = YES;
				CLANG_WARN_UNGUARDED_AVAILABILITY = YES_AGGRESSIVE;
				CLANG_WARN_UNREACHABLE_CODE = YES;
				CLANG_WARN__DUPLICATE_METHOD_MATCH = YES;
				COPY_PHASE_STRIP = NO;
				DEBUG_INFORMATION_FORMAT = "dwarf-with-dsym";
				ENABLE_NS_ASSERTIONS = NO;
				ENABLE_STRICT_OBJC_MSGSEND = YES;
				ENABLE_USER_SCRIPT_SANDBOXING = YES;
				GCC_C_LANGUAGE_STANDARD = gnu17;
				GCC_NO_COMMON_BLOCKS = YES;
				GCC_WARN_64_TO_32_BIT_CONVERSION = YES;
				GCC_WARN_ABOUT_RETURN_TYPE = YES_ERROR;
				GCC_WARN_UNDECLARED_SELECTOR = YES;
				GCC_WARN_UNINITIALIZED_AUTOS = YES_AGGRESSIVE;
				GCC_WARN_UNUSED_FUNCTION = YES;
				GCC_WARN_UNUSED_VARIABLE = YES;
				IPHONEOS_DEPLOYMENT_TARGET = 18.2;
				LOCALIZATION_PREFERS_STRING_CATALOGS = YES;
				MTL_ENABLE_DEBUG_INFO = NO;
				MTL_FAST_MATH = YES;
				SDKROOT = iphoneos;
				SWIFT_COMPILATION_MODE = wholemodule;
				VALIDATE_PRODUCT = YES;
			};
			name = Release;
		};
		D4F31EB52D80DD63007D8D7E /* Debug */ = {
			isa = XCBuildConfiguration;
			buildSettings = {
				BUNDLE_LOADER = "$(TEST_HOST)";
				CODE_SIGN_STYLE = Automatic;
				CURRENT_PROJECT_VERSION = 1;
				GENERATE_INFOPLIST_FILE = YES;
				IPHONEOS_DEPLOYMENT_TARGET = 18.2;
				MARKETING_VERSION = 1.0;
				PRODUCT_BUNDLE_IDENTIFIER = xyz.tung.patrick.UIKitMVVMCdemoTests;
				PRODUCT_NAME = "$(TARGET_NAME)";
				SWIFT_EMIT_LOC_STRINGS = NO;
				SWIFT_VERSION = 5.0;
				TARGETED_DEVICE_FAMILY = "1,2";
				TEST_HOST = "$(BUILT_PRODUCTS_DIR)/UIKitMVVMCdemo.app/$(BUNDLE_EXECUTABLE_FOLDER_PATH)/UIKitMVVMCdemo";
			};
			name = Debug;
		};
		D4F31EB62D80DD63007D8D7E /* Release */ = {
			isa = XCBuildConfiguration;
			buildSettings = {
				BUNDLE_LOADER = "$(TEST_HOST)";
				CODE_SIGN_STYLE = Automatic;
				CURRENT_PROJECT_VERSION = 1;
				GENERATE_INFOPLIST_FILE = YES;
				IPHONEOS_DEPLOYMENT_TARGET = 18.2;
				MARKETING_VERSION = 1.0;
				PRODUCT_BUNDLE_IDENTIFIER = xyz.tung.patrick.UIKitMVVMCdemoTests;
				PRODUCT_NAME = "$(TARGET_NAME)";
				SWIFT_EMIT_LOC_STRINGS = NO;
				SWIFT_VERSION = 5.0;
				TARGETED_DEVICE_FAMILY = "1,2";
				TEST_HOST = "$(BUILT_PRODUCTS_DIR)/UIKitMVVMCdemo.app/$(BUNDLE_EXECUTABLE_FOLDER_PATH)/UIKitMVVMCdemo";
			};
			name = Release;
		};
		D4F31EB82D80DD63007D8D7E /* Debug */ = {
			isa = XCBuildConfiguration;
			buildSettings = {
				CODE_SIGN_STYLE = Automatic;
				CURRENT_PROJECT_VERSION = 1;
				GENERATE_INFOPLIST_FILE = YES;
				MARKETING_VERSION = 1.0;
				PRODUCT_BUNDLE_IDENTIFIER = xyz.tung.patrick.UIKitMVVMCdemoUITests;
				PRODUCT_NAME = "$(TARGET_NAME)";
				SWIFT_EMIT_LOC_STRINGS = NO;
				SWIFT_VERSION = 5.0;
				TARGETED_DEVICE_FAMILY = "1,2";
				TEST_TARGET_NAME = UIKitMVVMCdemo;
			};
			name = Debug;
		};
		D4F31EB92D80DD63007D8D7E /* Release */ = {
			isa = XCBuildConfiguration;
			buildSettings = {
				CODE_SIGN_STYLE = Automatic;
				CURRENT_PROJECT_VERSION = 1;
				GENERATE_INFOPLIST_FILE = YES;
				MARKETING_VERSION = 1.0;
				PRODUCT_BUNDLE_IDENTIFIER = xyz.tung.patrick.UIKitMVVMCdemoUITests;
				PRODUCT_NAME = "$(TARGET_NAME)";
				SWIFT_EMIT_LOC_STRINGS = NO;
				SWIFT_VERSION = 5.0;
				TARGETED_DEVICE_FAMILY = "1,2";
				TEST_TARGET_NAME = UIKitMVVMCdemo;
			};
			name = Release;
		};
/* End XCBuildConfiguration section */

/* Begin XCConfigurationList section */
		D4F31E812D80DD61007D8D7E /* Build configuration list for PBXProject "UIKitMVVMCdemo" */ = {
			isa = XCConfigurationList;
			buildConfigurations = (
				D4F31EB22D80DD63007D8D7E /* Debug */,
				D4F31EB32D80DD63007D8D7E /* Release */,
			);
			defaultConfigurationIsVisible = 0;
			defaultConfigurationName = Release;
		};
		D4F31EAF2D80DD63007D8D7E /* Build configuration list for PBXNativeTarget "UIKitMVVMCdemo" */ = {
			isa = XCConfigurationList;
			buildConfigurations = (
				D4F31EB02D80DD63007D8D7E /* Debug */,
				D4F31EB12D80DD63007D8D7E /* Release */,
			);
			defaultConfigurationIsVisible = 0;
			defaultConfigurationName = Release;
		};
		D4F31EB42D80DD63007D8D7E /* Build configuration list for PBXNativeTarget "UIKitMVVMCdemoTests" */ = {
			isa = XCConfigurationList;
			buildConfigurations = (
				D4F31EB52D80DD63007D8D7E /* Debug */,
				D4F31EB62D80DD63007D8D7E /* Release */,
			);
			defaultConfigurationIsVisible = 0;
			defaultConfigurationName = Release;
		};
		D4F31EB72D80DD63007D8D7E /* Build configuration list for PBXNativeTarget "UIKitMVVMCdemoUITests" */ = {
			isa = XCConfigurationList;
			buildConfigurations = (
				D4F31EB82D80DD63007D8D7E /* Debug */,
				D4F31EB92D80DD63007D8D7E /* Release */,
			);
			defaultConfigurationIsVisible = 0;
			defaultConfigurationName = Release;
		};
/* End XCConfigurationList section */
	};
	rootObject = D4F31E7E2D80DD61007D8D7E /* Project object */;
}
