// !$*UTF8*$!
{
	archiveVersion = 1;
	classes = {
	};
	objectVersion = 77;
	objects = {

/* Begin PBXContainerItemProxy section */
		D470E6012D74F4CC005F3F1E /* PBXContainerItemProxy */ = {
			isa = PBXContainerItemProxy;
			containerPortal = D470E5E82D74F4CB005F3F1E /* Project object */;
			proxyType = 1;
			remoteGlobalIDString = D470E5EF2D74F4CB005F3F1E;
			remoteInfo = TabBarProjectSwiftUI;
		};
		D470E60B2D74F4CC005F3F1E /* PBXContainerItemProxy */ = {
			isa = PBXContainerItemProxy;
			containerPortal = D470E5E82D74F4CB005F3F1E /* Project object */;
			proxyType = 1;
			remoteGlobalIDString = D470E5EF2D74F4CB005F3F1E;
			remoteInfo = TabBarProjectSwiftUI;
		};
/* End PBXContainerItemProxy section */

/* Begin PBXFileReference section */
		D470E5F02D74F4CB005F3F1E /* TabBarProjectSwiftUI.app */ = {isa = PBXFileReference; explicitFileType = wrapper.application; includeInIndex = 0; path = TabBarProjectSwiftUI.app; sourceTree = BUILT_PRODUCTS_DIR; };
		D470E6002D74F4CC005F3F1E /* TabBarProjectSwiftUITests.xctest */ = {isa = PBXFileReference; explicitFileType = wrapper.cfbundle; includeInIndex = 0; path = TabBarProjectSwiftUITests.xctest; sourceTree = BUILT_PRODUCTS_DIR; };
		D470E60A2D74F4CC005F3F1E /* TabBarProjectSwiftUIUITests.xctest */ = {isa = PBXFileReference; explicitFileType = wrapper.cfbundle; includeInIndex = 0; path = TabBarProjectSwiftUIUITests.xctest; sourceTree = BUILT_PRODUCTS_DIR; };
/* End PBXFileReference section */

/* Begin PBXFileSystemSynchronizedRootGroup section */
		D470E5F22D74F4CB005F3F1E /* TabBarProjectSwiftUI */ = {
			isa = PBXFileSystemSynchronizedRootGroup;
			path = TabBarProjectSwiftUI;
			sourceTree = "<group>";
		};
		D470E6032D74F4CC005F3F1E /* TabBarProjectSwiftUITests */ = {
			isa = PBXFileSystemSynchronizedRootGroup;
			path = TabBarProjectSwiftUITests;
			sourceTree = "<group>";
		};
		D470E60D2D74F4CC005F3F1E /* TabBarProjectSwiftUIUITests */ = {
			isa = PBXFileSystemSynchronizedRootGroup;
			path = TabBarProjectSwiftUIUITests;
			sourceTree = "<group>";
		};
/* End PBXFileSystemSynchronizedRootGroup section */

/* Begin PBXFrameworksBuildPhase section */
		D470E5ED2D74F4CB005F3F1E /* Frameworks */ = {
			isa = PBXFrameworksBuildPhase;
			buildActionMask = 2147483647;
			files = (
			);
			runOnlyForDeploymentPostprocessing = 0;
		};
		D470E5FD2D74F4CC005F3F1E /* Frameworks */ = {
			isa = PBXFrameworksBuildPhase;
			buildActionMask = 2147483647;
			files = (
			);
			runOnlyForDeploymentPostprocessing = 0;
		};
		D470E6072D74F4CC005F3F1E /* Frameworks */ = {
			isa = PBXFrameworksBuildPhase;
			buildActionMask = 2147483647;
			files = (
			);
			runOnlyForDeploymentPostprocessing = 0;
		};
/* End PBXFrameworksBuildPhase section */

/* Begin PBXGroup section */
		D470E5E72D74F4CB005F3F1E = {
			isa = PBXGroup;
			children = (
				D470E5F22D74F4CB005F3F1E /* TabBarProjectSwiftUI */,
				D470E6032D74F4CC005F3F1E /* TabBarProjectSwiftUITests */,
				D470E60D2D74F4CC005F3F1E /* TabBarProjectSwiftUIUITests */,
				D470E5F12D74F4CB005F3F1E /* Products */,
			);
			sourceTree = "<group>";
		};
		D470E5F12D74F4CB005F3F1E /* Products */ = {
			isa = PBXGroup;
			children = (
				D470E5F02D74F4CB005F3F1E /* TabBarProjectSwiftUI.app */,
				D470E6002D74F4CC005F3F1E /* TabBarProjectSwiftUITests.xctest */,
				D470E60A2D74F4CC005F3F1E /* TabBarProjectSwiftUIUITests.xctest */,
			);
			name = Products;
			sourceTree = "<group>";
		};
/* End PBXGroup section */

/* Begin PBXNativeTarget section */
		D470E5EF2D74F4CB005F3F1E /* TabBarProjectSwiftUI */ = {
			isa = PBXNativeTarget;
			buildConfigurationList = D470E6142D74F4CC005F3F1E /* Build configuration list for PBXNativeTarget "TabBarProjectSwiftUI" */;
			buildPhases = (
				D470E5EC2D74F4CB005F3F1E /* Sources */,
				D470E5ED2D74F4CB005F3F1E /* Frameworks */,
				D470E5EE2D74F4CB005F3F1E /* Resources */,
			);
			buildRules = (
			);
			dependencies = (
			);
			fileSystemSynchronizedGroups = (
				D470E5F22D74F4CB005F3F1E /* TabBarProjectSwiftUI */,
			);
			name = TabBarProjectSwiftUI;
			packageProductDependencies = (
			);
			productName = TabBarProjectSwiftUI;
			productReference = D470E5F02D74F4CB005F3F1E /* TabBarProjectSwiftUI.app */;
			productType = "com.apple.product-type.application";
		};
		D470E5FF2D74F4CC005F3F1E /* TabBarProjectSwiftUITests */ = {
			isa = PBXNativeTarget;
			buildConfigurationList = D470E6172D74F4CC005F3F1E /* Build configuration list for PBXNativeTarget "TabBarProjectSwiftUITests" */;
			buildPhases = (
				D470E5FC2D74F4CC005F3F1E /* Sources */,
				D470E5FD2D74F4CC005F3F1E /* Frameworks */,
				D470E5FE2D74F4CC005F3F1E /* Resources */,
			);
			buildRules = (
			);
			dependencies = (
				D470E6022D74F4CC005F3F1E /* PBXTargetDependency */,
			);
			fileSystemSynchronizedGroups = (
				D470E6032D74F4CC005F3F1E /* TabBarProjectSwiftUITests */,
			);
			name = TabBarProjectSwiftUITests;
			packageProductDependencies = (
			);
			productName = TabBarProjectSwiftUITests;
			productReference = D470E6002D74F4CC005F3F1E /* TabBarProjectSwiftUITests.xctest */;
			productType = "com.apple.product-type.bundle.unit-test";
		};
		D470E6092D74F4CC005F3F1E /* TabBarProjectSwiftUIUITests */ = {
			isa = PBXNativeTarget;
			buildConfigurationList = D470E61A2D74F4CC005F3F1E /* Build configuration list for PBXNativeTarget "TabBarProjectSwiftUIUITests" */;
			buildPhases = (
				D470E6062D74F4CC005F3F1E /* Sources */,
				D470E6072D74F4CC005F3F1E /* Frameworks */,
				D470E6082D74F4CC005F3F1E /* Resources */,
			);
			buildRules = (
			);
			dependencies = (
				D470E60C2D74F4CC005F3F1E /* PBXTargetDependency */,
			);
			fileSystemSynchronizedGroups = (
				D470E60D2D74F4CC005F3F1E /* TabBarProjectSwiftUIUITests */,
			);
			name = TabBarProjectSwiftUIUITests;
			packageProductDependencies = (
			);
			productName = TabBarProjectSwiftUIUITests;
			productReference = D470E60A2D74F4CC005F3F1E /* TabBarProjectSwiftUIUITests.xctest */;
			productType = "com.apple.product-type.bundle.ui-testing";
		};
/* End PBXNativeTarget section */

/* Begin PBXProject section */
		D470E5E82D74F4CB005F3F1E /* Project object */ = {
			isa = PBXProject;
			attributes = {
				BuildIndependentTargetsInParallel = 1;
				LastSwiftUpdateCheck = 1620;
				LastUpgradeCheck = 1620;
				TargetAttributes = {
					D470E5EF2D74F4CB005F3F1E = {
						CreatedOnToolsVersion = 16.2;
					};
					D470E5FF2D74F4CC005F3F1E = {
						CreatedOnToolsVersion = 16.2;
						TestTargetID = D470E5EF2D74F4CB005F3F1E;
					};
					D470E6092D74F4CC005F3F1E = {
						CreatedOnToolsVersion = 16.2;
						TestTargetID = D470E5EF2D74F4CB005F3F1E;
					};
				};
			};
			buildConfigurationList = D470E5EB2D74F4CB005F3F1E /* Build configuration list for PBXProject "TabBarProjectSwiftUI" */;
			developmentRegion = en;
			hasScannedForEncodings = 0;
			knownRegions = (
				en,
				Base,
			);
			mainGroup = D470E5E72D74F4CB005F3F1E;
			minimizedProjectReferenceProxies = 1;
			preferredProjectObjectVersion = 77;
			productRefGroup = D470E5F12D74F4CB005F3F1E /* Products */;
			projectDirPath = "";
			projectRoot = "";
			targets = (
				D470E5EF2D74F4CB005F3F1E /* TabBarProjectSwiftUI */,
				D470E5FF2D74F4CC005F3F1E /* TabBarProjectSwiftUITests */,
				D470E6092D74F4CC005F3F1E /* TabBarProjectSwiftUIUITests */,
			);
		};
/* End PBXProject section */

/* Begin PBXResourcesBuildPhase section */
		D470E5EE2D74F4CB005F3F1E /* Resources */ = {
			isa = PBXResourcesBuildPhase;
			buildActionMask = 2147483647;
			files = (
			);
			runOnlyForDeploymentPostprocessing = 0;
		};
		D470E5FE2D74F4CC005F3F1E /* Resources */ = {
			isa = PBXResourcesBuildPhase;
			buildActionMask = 2147483647;
			files = (
			);
			runOnlyForDeploymentPostprocessing = 0;
		};
		D470E6082D74F4CC005F3F1E /* Resources */ = {
			isa = PBXResourcesBuildPhase;
			buildActionMask = 2147483647;
			files = (
			);
			runOnlyForDeploymentPostprocessing = 0;
		};
/* End PBXResourcesBuildPhase section */

/* Begin PBXSourcesBuildPhase section */
		D470E5EC2D74F4CB005F3F1E /* Sources */ = {
			isa = PBXSourcesBuildPhase;
			buildActionMask = 2147483647;
			files = (
			);
			runOnlyForDeploymentPostprocessing = 0;
		};
		D470E5FC2D74F4CC005F3F1E /* Sources */ = {
			isa = PBXSourcesBuildPhase;
			buildActionMask = 2147483647;
			files = (
			);
			runOnlyForDeploymentPostprocessing = 0;
		};
		D470E6062D74F4CC005F3F1E /* Sources */ = {
			isa = PBXSourcesBuildPhase;
			buildActionMask = 2147483647;
			files = (
			);
			runOnlyForDeploymentPostprocessing = 0;
		};
/* End PBXSourcesBuildPhase section */

/* Begin PBXTargetDependency section */
		D470E6022D74F4CC005F3F1E /* PBXTargetDependency */ = {
			isa = PBXTargetDependency;
			target = D470E5EF2D74F4CB005F3F1E /* TabBarProjectSwiftUI */;
			targetProxy = D470E6012D74F4CC005F3F1E /* PBXContainerItemProxy */;
		};
		D470E60C2D74F4CC005F3F1E /* PBXTargetDependency */ = {
			isa = PBXTargetDependency;
			target = D470E5EF2D74F4CB005F3F1E /* TabBarProjectSwiftUI */;
			targetProxy = D470E60B2D74F4CC005F3F1E /* PBXContainerItemProxy */;
		};
/* End PBXTargetDependency section */

/* Begin XCBuildConfiguration section */
		D470E6122D74F4CC005F3F1E /* Debug */ = {
			isa = XCBuildConfiguration;
			buildSettings = {
				ALWAYS_SEARCH_USER_PATHS = NO;
				ASSETCATALOG_COMPILER_GENERATE_SWIFT_ASSET_SYMBOL_EXTENSIONS = YES;
				CLANG_ANALYZER_NONNULL = YES;
				CLANG_ANALYZER_NUMBER_OBJECT_CONVERSION = YES_AGGRESSIVE;
				CLANG_CXX_LANGUAGE_STANDARD = "gnu++20";
				CLANG_ENABLE_MODULES = YES;
				CLANG_ENABLE_OBJC_ARC = YES;
				CLANG_ENABLE_OBJC_WEAK = YES;
				CLANG_WARN_BLOCK_CAPTURE_AUTORELEASING = YES;
				CLANG_WARN_BOOL_CONVERSION = YES;
				CLANG_WARN_COMMA = YES;
				CLANG_WARN_CONSTANT_CONVERSION = YES;
				CLANG_WARN_DEPRECATED_OBJC_IMPLEMENTATIONS = YES;
				CLANG_WARN_DIRECT_OBJC_ISA_USAGE = YES_ERROR;
				CLANG_WARN_DOCUMENTATION_COMMENTS = YES;
				CLANG_WARN_EMPTY_BODY = YES;
				CLANG_WARN_ENUM_CONVERSION = YES;
				CLANG_WARN_INFINITE_RECURSION = YES;
				CLANG_WARN_INT_CONVERSION = YES;
				CLANG_WARN_NON_LITERAL_NULL_CONVERSION = YES;
				CLANG_WARN_OBJC_IMPLICIT_RETAIN_SELF = YES;
				CLANG_WARN_OBJC_LITERAL_CONVERSION = YES;
				CLANG_WARN_OBJC_ROOT_CLASS = YES_ERROR;
				CLANG_WARN_QUOTED_INCLUDE_IN_FRAMEWORK_HEADER = YES;
				CLANG_WARN_RANGE_LOOP_ANALYSIS = YES;
				CLANG_WARN_STRICT_PROTOTYPES = YES;
				CLANG_WARN_SUSPICIOUS_MOVE = YES;
				CLANG_WARN_UNGUARDED_AVAILABILITY = YES_AGGRESSIVE;
				CLANG_WARN_UNREACHABLE_CODE = YES;
				CLANG_WARN__DUPLICATE_METHOD_MATCH = YES;
				COPY_PHASE_STRIP = NO;
				DEBUG_INFORMATION_FORMAT = dwarf;
				ENABLE_STRICT_OBJC_MSGSEND = YES;
				ENABLE_TESTABILITY = YES;
				ENABLE_USER_SCRIPT_SANDBOXING = YES;
				GCC_C_LANGUAGE_STANDARD = gnu17;
				GCC_DYNAMIC_NO_PIC = NO;
				GCC_NO_COMMON_BLOCKS = YES;
				GCC_OPTIMIZATION_LEVEL = 0;
				GCC_PREPROCESSOR_DEFINITIONS = (
					"DEBUG=1",
					"$(inherited)",
				);
				GCC_WARN_64_TO_32_BIT_CONVERSION = YES;
				GCC_WARN_ABOUT_RETURN_TYPE = YES_ERROR;
				GCC_WARN_UNDECLARED_SELECTOR = YES;
				GCC_WARN_UNINITIALIZED_AUTOS = YES_AGGRESSIVE;
				GCC_WARN_UNUSED_FUNCTION = YES;
				GCC_WARN_UNUSED_VARIABLE = YES;
				IPHONEOS_DEPLOYMENT_TARGET = 18.2;
				LOCALIZATION_PREFERS_STRING_CATALOGS = YES;
				MTL_ENABLE_DEBUG_INFO = INCLUDE_SOURCE;
				MTL_FAST_MATH = YES;
				ONLY_ACTIVE_ARCH = YES;
				SDKROOT = iphoneos;
				SWIFT_ACTIVE_COMPILATION_CONDITIONS = "DEBUG $(inherited)";
				SWIFT_OPTIMIZATION_LEVEL = "-Onone";
			};
			name = Debug;
		};
		D470E6132D74F4CC005F3F1E /* Release */ = {
			isa = XCBuildConfiguration;
			buildSettings = {
				ALWAYS_SEARCH_USER_PATHS = NO;
				ASSETCATALOG_COMPILER_GENERATE_SWIFT_ASSET_SYMBOL_EXTENSIONS = YES;
				CLANG_ANALYZER_NONNULL = YES;
				CLANG_ANALYZER_NUMBER_OBJECT_CONVERSION = YES_AGGRESSIVE;
				CLANG_CXX_LANGUAGE_STANDARD = "gnu++20";
				CLANG_ENABLE_MODULES = YES;
				CLANG_ENABLE_OBJC_ARC = YES;
				CLANG_ENABLE_OBJC_WEAK = YES;
				CLANG_WARN_BLOCK_CAPTURE_AUTORELEASING = YES;
				CLANG_WARN_BOOL_CONVERSION = YES;
				CLANG_WARN_COMMA = YES;
				CLANG_WARN_CONSTANT_CONVERSION = YES;
				CLANG_WARN_DEPRECATED_OBJC_IMPLEMENTATIONS = YES;
				CLANG_WARN_DIRECT_OBJC_ISA_USAGE = YES_ERROR;
				CLANG_WARN_DOCUMENTATION_COMMENTS = YES;
				CLANG_WARN_EMPTY_BODY = YES;
				CLANG_WARN_ENUM_CONVERSION = YES;
				CLANG_WARN_INFINITE_RECURSION = YES;
				CLANG_WARN_INT_CONVERSION = YES;
				CLANG_WARN_NON_LITERAL_NULL_CONVERSION = YES;
				CLANG_WARN_OBJC_IMPLICIT_RETAIN_SELF = YES;
				CLANG_WARN_OBJC_LITERAL_CONVERSION = YES;
				CLANG_WARN_OBJC_ROOT_CLASS = YES_ERROR;
				CLANG_WARN_QUOTED_INCLUDE_IN_FRAMEWORK_HEADER = YES;
				CLANG_WARN_RANGE_LOOP_ANALYSIS = YES;
				CLANG_WARN_STRICT_PROTOTYPES = YES;
				CLANG_WARN_SUSPICIOUS_MOVE = YES;
				CLANG_WARN_UNGUARDED_AVAILABILITY = YES_AGGRESSIVE;
				CLANG_WARN_UNREACHABLE_CODE = YES;
				CLANG_WARN__DUPLICATE_METHOD_MATCH = YES;
				COPY_PHASE_STRIP = NO;
				DEBUG_INFORMATION_FORMAT = "dwarf-with-dsym";
				ENABLE_NS_ASSERTIONS = NO;
				ENABLE_STRICT_OBJC_MSGSEND = YES;
				ENABLE_USER_SCRIPT_SANDBOXING = YES;
				GCC_C_LANGUAGE_STANDARD = gnu17;
				GCC_NO_COMMON_BLOCKS = YES;
				GCC_WARN_64_TO_32_BIT_CONVERSION = YES;
				GCC_WARN_ABOUT_RETURN_TYPE = YES_ERROR;
				GCC_WARN_UNDECLARED_SELECTOR = YES;
				GCC_WARN_UNINITIALIZED_AUTOS = YES_AGGRESSIVE;
				GCC_WARN_UNUSED_FUNCTION = YES;
				GCC_WARN_UNUSED_VARIABLE = YES;
				IPHONEOS_DEPLOYMENT_TARGET = 18.2;
				LOCALIZATION_PREFERS_STRING_CATALOGS = YES;
				MTL_ENABLE_DEBUG_INFO = NO;
				MTL_FAST_MATH = YES;
				SDKROOT = iphoneos;
				SWIFT_COMPILATION_MODE = wholemodule;
				VALIDATE_PRODUCT = YES;
			};
			name = Release;
		};
		D470E6152D74F4CC005F3F1E /* Debug */ = {
			isa = XCBuildConfiguration;
			buildSettings = {
				ASSETCATALOG_COMPILER_APPICON_NAME = AppIcon;
				ASSETCATALOG_COMPILER_GLOBAL_ACCENT_COLOR_NAME = AccentColor;
				CODE_SIGN_STYLE = Automatic;
				CURRENT_PROJECT_VERSION = 1;
				DEVELOPMENT_ASSET_PATHS = "\"TabBarProjectSwiftUI/Preview Content\"";
				ENABLE_PREVIEWS = YES;
				GENERATE_INFOPLIST_FILE = YES;
				INFOPLIST_KEY_UIApplicationSceneManifest_Generation = YES;
				INFOPLIST_KEY_UIApplicationSupportsIndirectInputEvents = YES;
				INFOPLIST_KEY_UILaunchScreen_Generation = YES;
				INFOPLIST_KEY_UISupportedInterfaceOrientations_iPad = "UIInterfaceOrientationPortrait UIInterfaceOrientationPortraitUpsideDown UIInterfaceOrientationLandscapeLeft UIInterfaceOrientationLandscapeRight";
				INFOPLIST_KEY_UISupportedInterfaceOrientations_iPhone = "UIInterfaceOrientationPortrait UIInterfaceOrientationLandscapeLeft UIInterfaceOrientationLandscapeRight";
				LD_RUNPATH_SEARCH_PATHS = (
					"$(inherited)",
					"@executable_path/Frameworks",
				);
				MARKETING_VERSION = 1.0;
				PRODUCT_BUNDLE_IDENTIFIER = xyz.tung.patrick.TabBarProjectSwiftUI;
				PRODUCT_NAME = "$(TARGET_NAME)";
				SWIFT_EMIT_LOC_STRINGS = YES;
				SWIFT_VERSION = 5.0;
				TARGETED_DEVICE_FAMILY = "1,2";
			};
			name = Debug;
		};
		D470E6162D74F4CC005F3F1E /* Release */ = {
			isa = XCBuildConfiguration;
			buildSettings = {
				ASSETCATALOG_COMPILER_APPICON_NAME = AppIcon;
				ASSETCATALOG_COMPILER_GLOBAL_ACCENT_COLOR_NAME = AccentColor;
				CODE_SIGN_STYLE = Automatic;
				CURRENT_PROJECT_VERSION = 1;
				DEVELOPMENT_ASSET_PATHS = "\"TabBarProjectSwiftUI/Preview Content\"";
				ENABLE_PREVIEWS = YES;
				GENERATE_INFOPLIST_FILE = YES;
				INFOPLIST_KEY_UIApplicationSceneManifest_Generation = YES;
				INFOPLIST_KEY_UIApplicationSupportsIndirectInputEvents = YES;
				INFOPLIST_KEY_UILaunchScreen_Generation = YES;
				INFOPLIST_KEY_UISupportedInterfaceOrientations_iPad = "UIInterfaceOrientationPortrait UIInterfaceOrientationPortraitUpsideDown UIInterfaceOrientationLandscapeLeft UIInterfaceOrientationLandscapeRight";
				INFOPLIST_KEY_UISupportedInterfaceOrientations_iPhone = "UIInterfaceOrientationPortrait UIInterfaceOrientationLandscapeLeft UIInterfaceOrientationLandscapeRight";
				LD_RUNPATH_SEARCH_PATHS = (
					"$(inherited)",
					"@executable_path/Frameworks",
				);
				MARKETING_VERSION = 1.0;
				PRODUCT_BUNDLE_IDENTIFIER = xyz.tung.patrick.TabBarProjectSwiftUI;
				PRODUCT_NAME = "$(TARGET_NAME)";
				SWIFT_EMIT_LOC_STRINGS = YES;
				SWIFT_VERSION = 5.0;
				TARGETED_DEVICE_FAMILY = "1,2";
			};
			name = Release;
		};
		D470E6182D74F4CC005F3F1E /* Debug */ = {
			isa = XCBuildConfiguration;
			buildSettings = {
				BUNDLE_LOADER = "$(TEST_HOST)";
				CODE_SIGN_STYLE = Automatic;
				CURRENT_PROJECT_VERSION = 1;
				GENERATE_INFOPLIST_FILE = YES;
				IPHONEOS_DEPLOYMENT_TARGET = 18.2;
				MARKETING_VERSION = 1.0;
				PRODUCT_BUNDLE_IDENTIFIER = xyz.tung.patrick.TabBarProjectSwiftUITests;
				PRODUCT_NAME = "$(TARGET_NAME)";
				SWIFT_EMIT_LOC_STRINGS = NO;
				SWIFT_VERSION = 5.0;
				TARGETED_DEVICE_FAMILY = "1,2";
				TEST_HOST = "$(BUILT_PRODUCTS_DIR)/TabBarProjectSwiftUI.app/$(BUNDLE_EXECUTABLE_FOLDER_PATH)/TabBarProjectSwiftUI";
			};
			name = Debug;
		};
		D470E6192D74F4CC005F3F1E /* Release */ = {
			isa = XCBuildConfiguration;
			buildSettings = {
				BUNDLE_LOADER = "$(TEST_HOST)";
				CODE_SIGN_STYLE = Automatic;
				CURRENT_PROJECT_VERSION = 1;
				GENERATE_INFOPLIST_FILE = YES;
				IPHONEOS_DEPLOYMENT_TARGET = 18.2;
				MARKETING_VERSION = 1.0;
				PRODUCT_BUNDLE_IDENTIFIER = xyz.tung.patrick.TabBarProjectSwiftUITests;
				PRODUCT_NAME = "$(TARGET_NAME)";
				SWIFT_EMIT_LOC_STRINGS = NO;
				SWIFT_VERSION = 5.0;
				TARGETED_DEVICE_FAMILY = "1,2";
				TEST_HOST = "$(BUILT_PRODUCTS_DIR)/TabBarProjectSwiftUI.app/$(BUNDLE_EXECUTABLE_FOLDER_PATH)/TabBarProjectSwiftUI";
			};
			name = Release;
		};
		D470E61B2D74F4CC005F3F1E /* Debug */ = {
			isa = XCBuildConfiguration;
			buildSettings = {
				CODE_SIGN_STYLE = Automatic;
				CURRENT_PROJECT_VERSION = 1;
				GENERATE_INFOPLIST_FILE = YES;
				MARKETING_VERSION = 1.0;
				PRODUCT_BUNDLE_IDENTIFIER = xyz.tung.patrick.TabBarProjectSwiftUIUITests;
				PRODUCT_NAME = "$(TARGET_NAME)";
				SWIFT_EMIT_LOC_STRINGS = NO;
				SWIFT_VERSION = 5.0;
				TARGETED_DEVICE_FAMILY = "1,2";
				TEST_TARGET_NAME = TabBarProjectSwiftUI;
			};
			name = Debug;
		};
		D470E61C2D74F4CC005F3F1E /* Release */ = {
			isa = XCBuildConfiguration;
			buildSettings = {
				CODE_SIGN_STYLE = Automatic;
				CURRENT_PROJECT_VERSION = 1;
				GENERATE_INFOPLIST_FILE = YES;
				MARKETING_VERSION = 1.0;
				PRODUCT_BUNDLE_IDENTIFIER = xyz.tung.patrick.TabBarProjectSwiftUIUITests;
				PRODUCT_NAME = "$(TARGET_NAME)";
				SWIFT_EMIT_LOC_STRINGS = NO;
				SWIFT_VERSION = 5.0;
				TARGETED_DEVICE_FAMILY = "1,2";
				TEST_TARGET_NAME = TabBarProjectSwiftUI;
			};
			name = Release;
		};
/* End XCBuildConfiguration section */

/* Begin XCConfigurationList section */
		D470E5EB2D74F4CB005F3F1E /* Build configuration list for PBXProject "TabBarProjectSwiftUI" */ = {
			isa = XCConfigurationList;
			buildConfigurations = (
				D470E6122D74F4CC005F3F1E /* Debug */,
				D470E6132D74F4CC005F3F1E /* Release */,
			);
			defaultConfigurationIsVisible = 0;
			defaultConfigurationName = Release;
		};
		D470E6142D74F4CC005F3F1E /* Build configuration list for PBXNativeTarget "TabBarProjectSwiftUI" */ = {
			isa = XCConfigurationList;
			buildConfigurations = (
				D470E6152D74F4CC005F3F1E /* Debug */,
				D470E6162D74F4CC005F3F1E /* Release */,
			);
			defaultConfigurationIsVisible = 0;
			defaultConfigurationName = Release;
		};
		D470E6172D74F4CC005F3F1E /* Build configuration list for PBXNativeTarget "TabBarProjectSwiftUITests" */ = {
			isa = XCConfigurationList;
			buildConfigurations = (
				D470E6182D74F4CC005F3F1E /* Debug */,
				D470E6192D74F4CC005F3F1E /* Release */,
			);
			defaultConfigurationIsVisible = 0;
			defaultConfigurationName = Release;
		};
		D470E61A2D74F4CC005F3F1E /* Build configuration list for PBXNativeTarget "TabBarProjectSwiftUIUITests" */ = {
			isa = XCConfigurationList;
			buildConfigurations = (
				D470E61B2D74F4CC005F3F1E /* Debug */,
				D470E61C2D74F4CC005F3F1E /* Release */,
			);
			defaultConfigurationIsVisible = 0;
			defaultConfigurationName = Release;
		};
/* End XCConfigurationList section */
	};
	rootObject = D470E5E82D74F4CB005F3F1E /* Project object */;
}
